// !$*UTF8*$!
{
	archiveVersion = 1;
	classes = {
	};
	objectVersion = 46;
	objects = {

/* Begin PBXBuildFile section */
		63298F741C03202B008AB241 /* 11_1.jpg in Resources */ = {isa = PBXBuildFile; fileRef = 63298F721C03202B008AB241 /* 11_1.jpg */; };
		63298F751C03202B008AB241 /* 11_2.jpg in Resources */ = {isa = PBXBuildFile; fileRef = 63298F731C03202B008AB241 /* 11_2.jpg */; };
		63322AF31C02B60300340F75 /* main.m in Sources */ = {isa = PBXBuildFile; fileRef = 63322AF21C02B60300340F75 /* main.m */; };
		63322AF61C02B60300340F75 /* AppDelegate.m in Sources */ = {isa = PBXBuildFile; fileRef = 63322AF51C02B60300340F75 /* AppDelegate.m */; };
		63322AF91C02B60300340F75 /* ViewController.m in Sources */ = {isa = PBXBuildFile; fileRef = 63322AF81C02B60300340F75 /* ViewController.m */; };
		63322AFC1C02B60300340F75 /* Main.storyboard in Resources */ = {isa = PBXBuildFile; fileRef = 63322AFA1C02B60300340F75 /* Main.storyboard */; };
		63322AFE1C02B60300340F75 /* Images.xcassets in Resources */ = {isa = PBXBuildFile; fileRef = 63322AFD1C02B60300340F75 /* Images.xcassets */; };
		63322B011C02B60300340F75 /* LaunchScreen.xib in Resources */ = {isa = PBXBuildFile; fileRef = 63322AFF1C02B60300340F75 /* LaunchScreen.xib */; };
		63322B0D1C02B60300340F75 /* SingleProgrammersSTests.m in Sources */ = {isa = PBXBuildFile; fileRef = 63322B0C1C02B60300340F75 /* SingleProgrammersSTests.m */; };
		63322B191C02ECAC00340F75 /* ProCenterViewcontrolelr.m in Sources */ = {isa = PBXBuildFile; fileRef = 63322B181C02ECAC00340F75 /* ProCenterViewcontrolelr.m */; };
		63322B1D1C02EDC500340F75 /* UIView+FastFrame.m in Sources */ = {isa = PBXBuildFile; fileRef = 63322B1C1C02EDC500340F75 /* UIView+FastFrame.m */; };
		63322B211C02F2A000340F75 /* FirstViewcontrolelr.m in Sources */ = {isa = PBXBuildFile; fileRef = 63322B201C02F2A000340F75 /* FirstViewcontrolelr.m */; };
		C78921C9594ED07B95688FD2 /* libPods-SingleProgrammersS.a in Frameworks */ = {isa = PBXBuildFile; fileRef = BE06F03EE8F679A8C34340DD /* libPods-SingleProgrammersS.a */; };
/* End PBXBuildFile section */

/* Begin PBXContainerItemProxy section */
		63322B071C02B60300340F75 /* PBXContainerItemProxy */ = {
			isa = PBXContainerItemProxy;
			containerPortal = 63322AE51C02B60300340F75 /* Project object */;
			proxyType = 1;
			remoteGlobalIDString = 63322AEC1C02B60300340F75;
			remoteInfo = SingleProgrammersS;
		};
/* End PBXContainerItemProxy section */

/* Begin PBXFileReference section */
		0959479427B6F92E2F2BAB7D /* Pods-SingleProgrammersS.debug.xcconfig */ = {isa = PBXFileReference; includeInIndex = 1; lastKnownFileType = text.xcconfig; name = "Pods-SingleProgrammersS.debug.xcconfig"; path = "Pods/Target Support Files/Pods-SingleProgrammersS/Pods-SingleProgrammersS.debug.xcconfig"; sourceTree = "<group>"; };
		63298F721C03202B008AB241 /* 11_1.jpg */ = {isa = PBXFileReference; lastKnownFileType = image.jpeg; path = 11_1.jpg; sourceTree = "<group>"; };
		63298F731C03202B008AB241 /* 11_2.jpg */ = {isa = PBXFileReference; lastKnownFileType = image.jpeg; path = 11_2.jpg; sourceTree = "<group>"; };
		63322AED1C02B60300340F75 /* SingleProgrammersS.app */ = {isa = PBXFileReference; explicitFileType = wrapper.application; includeInIndex = 0; path = SingleProgrammersS.app; sourceTree = BUILT_PRODUCTS_DIR; };
		63322AF11C02B60300340F75 /* Info.plist */ = {isa = PBXFileReference; lastKnownFileType = text.plist.xml; path = Info.plist; sourceTree = "<group>"; };
		63322AF21C02B60300340F75 /* main.m */ = {isa = PBXFileReference; lastKnownFileType = sourcecode.c.objc; path = main.m; sourceTree = "<group>"; };
		63322AF41C02B60300340F75 /* AppDelegate.h */ = {isa = PBXFileReference; lastKnownFileType = sourcecode.c.h; path = AppDelegate.h; sourceTree = "<group>"; };
		63322AF51C02B60300340F75 /* AppDelegate.m */ = {isa = PBXFileReference; lastKnownFileType = sourcecode.c.objc; path = AppDelegate.m; sourceTree = "<group>"; };
		63322AF71C02B60300340F75 /* ViewController.h */ = {isa = PBXFileReference; lastKnownFileType = sourcecode.c.h; path = ViewController.h; sourceTree = "<group>"; };
		63322AF81C02B60300340F75 /* ViewController.m */ = {isa = PBXFileReference; lastKnownFileType = sourcecode.c.objc; path = ViewController.m; sourceTree = "<group>"; };
		63322AFB1C02B60300340F75 /* Base */ = {isa = PBXFileReference; lastKnownFileType = file.storyboard; name = Base; path = Base.lproj/Main.storyboard; sourceTree = "<group>"; };
		63322AFD1C02B60300340F75 /* Images.xcassets */ = {isa = PBXFileReference; lastKnownFileType = folder.assetcatalog; path = Images.xcassets; sourceTree = "<group>"; };
		63322B001C02B60300340F75 /* Base */ = {isa = PBXFileReference; lastKnownFileType = file.xib; name = Base; path = Base.lproj/LaunchScreen.xib; sourceTree = "<group>"; };
		63322B061C02B60300340F75 /* SingleProgrammersSTests.xctest */ = {isa = PBXFileReference; explicitFileType = wrapper.cfbundle; includeInIndex = 0; path = SingleProgrammersSTests.xctest; sourceTree = BUILT_PRODUCTS_DIR; };
		63322B0B1C02B60300340F75 /* Info.plist */ = {isa = PBXFileReference; lastKnownFileType = text.plist.xml; path = Info.plist; sourceTree = "<group>"; };
		63322B0C1C02B60300340F75 /* SingleProgrammersSTests.m */ = {isa = PBXFileReference; lastKnownFileType = sourcecode.c.objc; path = SingleProgrammersSTests.m; sourceTree = "<group>"; };
		63322B171C02ECAC00340F75 /* ProCenterViewcontrolelr.h */ = {isa = PBXFileReference; fileEncoding = 4; lastKnownFileType = sourcecode.c.h; path = ProCenterViewcontrolelr.h; sourceTree = "<group>"; };
		63322B181C02ECAC00340F75 /* ProCenterViewcontrolelr.m */ = {isa = PBXFileReference; fileEncoding = 4; lastKnownFileType = sourcecode.c.objc; path = ProCenterViewcontrolelr.m; sourceTree = "<group>"; };
		63322B1A1C02ED5900340F75 /* CommonMacro.h */ = {isa = PBXFileReference; lastKnownFileType = sourcecode.c.h; path = CommonMacro.h; sourceTree = "<group>"; };
		63322B1B1C02EDC500340F75 /* UIView+FastFrame.h */ = {isa = PBXFileReference; fileEncoding = 4; lastKnownFileType = sourcecode.c.h; path = "UIView+FastFrame.h"; sourceTree = "<group>"; };
		63322B1C1C02EDC500340F75 /* UIView+FastFrame.m */ = {isa = PBXFileReference; fileEncoding = 4; lastKnownFileType = sourcecode.c.objc; path = "UIView+FastFrame.m"; sourceTree = "<group>"; };
		63322B1F1C02F2A000340F75 /* FirstViewcontrolelr.h */ = {isa = PBXFileReference; fileEncoding = 4; lastKnownFileType = sourcecode.c.h; path = FirstViewcontrolelr.h; sourceTree = "<group>"; };
		63322B201C02F2A000340F75 /* FirstViewcontrolelr.m */ = {isa = PBXFileReference; fileEncoding = 4; lastKnownFileType = sourcecode.c.objc; path = FirstViewcontrolelr.m; sourceTree = "<group>"; };
		7403C7D29FEE41B6E49C9F6D /* Pods-SingleProgrammersS.release.xcconfig */ = {isa = PBXFileReference; includeInIndex = 1; lastKnownFileType = text.xcconfig; name = "Pods-SingleProgrammersS.release.xcconfig"; path = "Pods/Target Support Files/Pods-SingleProgrammersS/Pods-SingleProgrammersS.release.xcconfig"; sourceTree = "<group>"; };
		BE06F03EE8F679A8C34340DD /* libPods-SingleProgrammersS.a */ = {isa = PBXFileReference; explicitFileType = archive.ar; includeInIndex = 0; path = "libPods-SingleProgrammersS.a"; sourceTree = BUILT_PRODUCTS_DIR; };
/* End PBXFileReference section */

/* Begin PBXFrameworksBuildPhase section */
		63322AEA1C02B60300340F75 /* Frameworks */ = {
			isa = PBXFrameworksBuildPhase;
			buildActionMask = 2147483647;
			files = (
				C78921C9594ED07B95688FD2 /* libPods-SingleProgrammersS.a in Frameworks */,
			);
			runOnlyForDeploymentPostprocessing = 0;
		};
		63322B031C02B60300340F75 /* Frameworks */ = {
			isa = PBXFrameworksBuildPhase;
			buildActionMask = 2147483647;
			files = (
			);
			runOnlyForDeploymentPostprocessing = 0;
		};
/* End PBXFrameworksBuildPhase section */

/* Begin PBXGroup section */
		3155BB1ED17D72AE1023A1B0 /* Pods */ = {
			isa = PBXGroup;
			children = (
				0959479427B6F92E2F2BAB7D /* Pods-SingleProgrammersS.debug.xcconfig */,
				7403C7D29FEE41B6E49C9F6D /* Pods-SingleProgrammersS.release.xcconfig */,
			);
			name = Pods;
			sourceTree = "<group>";
		};
		63322AE41C02B60300340F75 = {
			isa = PBXGroup;
			children = (
				63298F721C03202B008AB241 /* 11_1.jpg */,
				63298F731C03202B008AB241 /* 11_2.jpg */,
				63322AEF1C02B60300340F75 /* SingleProgrammersS */,
				63322B091C02B60300340F75 /* SingleProgrammersSTests */,
				63322AEE1C02B60300340F75 /* Products */,
				3155BB1ED17D72AE1023A1B0 /* Pods */,
				AFA57F9CB4B085BF9A10091B /* Frameworks */,
			);
			sourceTree = "<group>";
		};
		63322AEE1C02B60300340F75 /* Products */ = {
			isa = PBXGroup;
			children = (
				63322AED1C02B60300340F75 /* SingleProgrammersS.app */,
				63322B061C02B60300340F75 /* SingleProgrammersSTests.xctest */,
			);
			name = Products;
			sourceTree = "<group>";
		};
		63322AEF1C02B60300340F75 /* SingleProgrammersS */ = {
			isa = PBXGroup;
			children = (
				634A25641C055A0500D24745 /* Macro */,
				63322B1E1C02EDCE00340F75 /* Vender */,
				63322B161C02EC7500340F75 /* 封装的侧滑VC */,
				63322AF41C02B60300340F75 /* AppDelegate.h */,
				63322AF51C02B60300340F75 /* AppDelegate.m */,
				63322AF71C02B60300340F75 /* ViewController.h */,
				63322AF81C02B60300340F75 /* ViewController.m */,
				63322B1F1C02F2A000340F75 /* FirstViewcontrolelr.h */,
				63322B201C02F2A000340F75 /* FirstViewcontrolelr.m */,
				63322AFA1C02B60300340F75 /* Main.storyboard */,
				63322AFD1C02B60300340F75 /* Images.xcassets */,
				63322AFF1C02B60300340F75 /* LaunchScreen.xib */,
				63322AF01C02B60300340F75 /* Supporting Files */,
			);
			path = SingleProgrammersS;
			sourceTree = "<group>";
		};
		63322AF01C02B60300340F75 /* Supporting Files */ = {
			isa = PBXGroup;
			children = (
				63322AF11C02B60300340F75 /* Info.plist */,
				63322AF21C02B60300340F75 /* main.m */,
			);
			name = "Supporting Files";
			sourceTree = "<group>";
		};
		63322B091C02B60300340F75 /* SingleProgrammersSTests */ = {
			isa = PBXGroup;
			children = (
				63322B0C1C02B60300340F75 /* SingleProgrammersSTests.m */,
				63322B0A1C02B60300340F75 /* Supporting Files */,
			);
			path = SingleProgrammersSTests;
			sourceTree = "<group>";
		};
		63322B0A1C02B60300340F75 /* Supporting Files */ = {
			isa = PBXGroup;
			children = (
				63322B0B1C02B60300340F75 /* Info.plist */,
			);
			name = "Supporting Files";
			sourceTree = "<group>";
		};
		63322B161C02EC7500340F75 /* 封装的侧滑VC */ = {
			isa = PBXGroup;
			children = (
				63322B171C02ECAC00340F75 /* ProCenterViewcontrolelr.h */,
				63322B181C02ECAC00340F75 /* ProCenterViewcontrolelr.m */,
			);
			name = "封装的侧滑VC";
			sourceTree = "<group>";
		};
		63322B1E1C02EDCE00340F75 /* Vender */ = {
			isa = PBXGroup;
			children = (
				63322B1B1C02EDC500340F75 /* UIView+FastFrame.h */,
				63322B1C1C02EDC500340F75 /* UIView+FastFrame.m */,
			);
			name = Vender;
			sourceTree = "<group>";
		};
		634A25641C055A0500D24745 /* Macro */ = {
			isa = PBXGroup;
			children = (
				63322B1A1C02ED5900340F75 /* CommonMacro.h */,
			);
			name = Macro;
			sourceTree = "<group>";
		};
		AFA57F9CB4B085BF9A10091B /* Frameworks */ = {
			isa = PBXGroup;
			children = (
				BE06F03EE8F679A8C34340DD /* libPods-SingleProgrammersS.a */,
			);
			name = Frameworks;
			sourceTree = "<group>";
		};
/* End PBXGroup section */

/* Begin PBXNativeTarget section */
		63322AEC1C02B60300340F75 /* SingleProgrammersS */ = {
			isa = PBXNativeTarget;
			buildConfigurationList = 63322B101C02B60300340F75 /* Build configuration list for PBXNativeTarget "SingleProgrammersS" */;
			buildPhases = (
				0AA3F8FCC3B68EBDC1F58140 /* Check Pods Manifest.lock */,
				63322AE91C02B60300340F75 /* Sources */,
				63322AEA1C02B60300340F75 /* Frameworks */,
				63322AEB1C02B60300340F75 /* Resources */,
				3229B5ED20003CB35620C58D /* Copy Pods Resources */,
			);
			buildRules = (
			);
			dependencies = (
			);
			name = SingleProgrammersS;
			productName = SingleProgrammersS;
			productReference = 63322AED1C02B60300340F75 /* SingleProgrammersS.app */;
			productType = "com.apple.product-type.application";
		};
		63322B051C02B60300340F75 /* SingleProgrammersSTests */ = {
			isa = PBXNativeTarget;
			buildConfigurationList = 63322B131C02B60300340F75 /* Build configuration list for PBXNativeTarget "SingleProgrammersSTests" */;
			buildPhases = (
				63322B021C02B60300340F75 /* Sources */,
				63322B031C02B60300340F75 /* Frameworks */,
				63322B041C02B60300340F75 /* Resources */,
			);
			buildRules = (
			);
			dependencies = (
				63322B081C02B60300340F75 /* PBXTargetDependency */,
			);
			name = SingleProgrammersSTests;
			productName = SingleProgrammersSTests;
			productReference = 63322B061C02B60300340F75 /* SingleProgrammersSTests.xctest */;
			productType = "com.apple.product-type.bundle.unit-test";
		};
/* End PBXNativeTarget section */

/* Begin PBXProject section */
		63322AE51C02B60300340F75 /* Project object */ = {
			isa = PBXProject;
			attributes = {
				CLASSPREFIX = Pro;
				LastUpgradeCheck = 0640;
				ORGANIZATIONNAME = SingleProgrammers;
				TargetAttributes = {
					63322AEC1C02B60300340F75 = {
						CreatedOnToolsVersion = 6.4;
					};
					63322B051C02B60300340F75 = {
						CreatedOnToolsVersion = 6.4;
						TestTargetID = 63322AEC1C02B60300340F75;
					};
				};
			};
			buildConfigurationList = 63322AE81C02B60300340F75 /* Build configuration list for PBXProject "SingleProgrammersS" */;
			compatibilityVersion = "Xcode 3.2";
			developmentRegion = English;
			hasScannedForEncodings = 0;
			knownRegions = (
				en,
				Base,
			);
			mainGroup = 63322AE41C02B60300340F75;
			productRefGroup = 63322AEE1C02B60300340F75 /* Products */;
			projectDirPath = "";
			projectRoot = "";
			targets = (
				63322AEC1C02B60300340F75 /* SingleProgrammersS */,
				63322B051C02B60300340F75 /* SingleProgrammersSTests */,
			);
		};
/* End PBXProject section */

/* Begin PBXResourcesBuildPhase section */
		63322AEB1C02B60300340F75 /* Resources */ = {
			isa = PBXResourcesBuildPhase;
			buildActionMask = 2147483647;
			files = (
				63322AFC1C02B60300340F75 /* Main.storyboard in Resources */,
				63298F741C03202B008AB241 /* 11_1.jpg in Resources */,
				63298F751C03202B008AB241 /* 11_2.jpg in Resources */,
				63322B011C02B60300340F75 /* LaunchScreen.xib in Resources */,
				63322AFE1C02B60300340F75 /* Images.xcassets in Resources */,
			);
			runOnlyForDeploymentPostprocessing = 0;
		};
		63322B041C02B60300340F75 /* Resources */ = {
			isa = PBXResourcesBuildPhase;
			buildActionMask = 2147483647;
			files = (
			);
			runOnlyForDeploymentPostprocessing = 0;
		};
/* End PBXResourcesBuildPhase section */

/* Begin PBXShellScriptBuildPhase section */
		0AA3F8FCC3B68EBDC1F58140 /* Check Pods Manifest.lock */ = {
			isa = PBXShellScriptBuildPhase;
			buildActionMask = 2147483647;
			files = (
			);
			inputPaths = (
			);
			name = "Check Pods Manifest.lock";
			outputPaths = (
			);
			runOnlyForDeploymentPostprocessing = 0;
			shellPath = /bin/sh;
			shellScript = "diff \"${PODS_ROOT}/../Podfile.lock\" \"${PODS_ROOT}/Manifest.lock\" > /dev/null\nif [[ $? != 0 ]] ; then\n    cat << EOM\nerror: The sandbox is not in sync with the Podfile.lock. Run 'pod install' or update your CocoaPods installation.\nEOM\n    exit 1\nfi\n";
			showEnvVarsInLog = 0;
		};
		3229B5ED20003CB35620C58D /* Copy Pods Resources */ = {
			isa = PBXShellScriptBuildPhase;
			buildActionMask = 2147483647;
			files = (
			);
			inputPaths = (
			);
			name = "Copy Pods Resources";
			outputPaths = (
			);
			runOnlyForDeploymentPostprocessing = 0;
			shellPath = /bin/sh;
			shellScript = "\"${SRCROOT}/Pods/Target Support Files/Pods-SingleProgrammersS/Pods-SingleProgrammersS-resources.sh\"\n";
			showEnvVarsInLog = 0;
		};
/* End PBXShellScriptBuildPhase section */

/* Begin PBXSourcesBuildPhase section */
		63322AE91C02B60300340F75 /* Sources */ = {
			isa = PBXSourcesBuildPhase;
			buildActionMask = 2147483647;
			files = (
				63322B1D1C02EDC500340F75 /* UIView+FastFrame.m in Sources */,
				63322AF91C02B60300340F75 /* ViewController.m in Sources */,
				63322B191C02ECAC00340F75 /* ProCenterViewcontrolelr.m in Sources */,
				63322AF61C02B60300340F75 /* AppDelegate.m in Sources */,
				63322AF31C02B60300340F75 /* main.m in Sources */,
				63322B211C02F2A000340F75 /* FirstViewcontrolelr.m in Sources */,
			);
			runOnlyForDeploymentPostprocessing = 0;
		};
		63322B021C02B60300340F75 /* Sources */ = {
			isa = PBXSourcesBuildPhase;
			buildActionMask = 2147483647;
			files = (
				63322B0D1C02B60300340F75 /* SingleProgrammersSTests.m in Sources */,
			);
			runOnlyForDeploymentPostprocessing = 0;
		};
/* End PBXSourcesBuildPhase section */

/* Begin PBXTargetDependency section */
		63322B081C02B60300340F75 /* PBXTargetDependency */ = {
			isa = PBXTargetDependency;
			target = 63322AEC1C02B60300340F75 /* SingleProgrammersS */;
			targetProxy = 63322B071C02B60300340F75 /* PBXContainerItemProxy */;
		};
/* End PBXTargetDependency section */

/* Begin PBXVariantGroup section */
		63322AFA1C02B60300340F75 /* Main.storyboard */ = {
			isa = PBXVariantGroup;
			children = (
				63322AFB1C02B60300340F75 /* Base */,
			);
			name = Main.storyboard;
			sourceTree = "<group>";
		};
		63322AFF1C02B60300340F75 /* LaunchScreen.xib */ = {
			isa = PBXVariantGroup;
			children = (
				63322B001C02B60300340F75 /* Base */,
			);
			name = LaunchScreen.xib;
			sourceTree = "<group>";
		};
/* End PBXVariantGroup section */

/* Begin XCBuildConfiguration section */
		63322B0E1C02B60300340F75 /* Debug */ = {
			isa = XCBuildConfiguration;
			buildSettings = {
				ALWAYS_SEARCH_USER_PATHS = NO;
				CLANG_CXX_LANGUAGE_STANDARD = "gnu++0x";
				CLANG_CXX_LIBRARY = "libc++";
				CLANG_ENABLE_MODULES = YES;
				CLANG_ENABLE_OBJC_ARC = YES;
				CLANG_WARN_BOOL_CONVERSION = YES;
				CLANG_WARN_CONSTANT_CONVERSION = YES;
				CLANG_WARN_DIRECT_OBJC_ISA_USAGE = YES_ERROR;
				CLANG_WARN_EMPTY_BODY = YES;
				CLANG_WARN_ENUM_CONVERSION = YES;
				CLANG_WARN_INT_CONVERSION = YES;
				CLANG_WARN_OBJC_ROOT_CLASS = YES_ERROR;
				CLANG_WARN_UNREACHABLE_CODE = YES;
				CLANG_WARN__DUPLICATE_METHOD_MATCH = YES;
				"CODE_SIGN_IDENTITY[sdk=iphoneos*]" = "iPhone Developer";
				COPY_PHASE_STRIP = NO;
				DEBUG_INFORMATION_FORMAT = "dwarf-with-dsym";
				ENABLE_STRICT_OBJC_MSGSEND = YES;
				GCC_C_LANGUAGE_STANDARD = gnu99;
				GCC_DYNAMIC_NO_PIC = NO;
				GCC_NO_COMMON_BLOCKS = YES;
				GCC_OPTIMIZATION_LEVEL = 0;
				GCC_PREPROCESSOR_DEFINITIONS = (
					"DEBUG=1",
					"$(inherited)",
				);
				GCC_SYMBOLS_PRIVATE_EXTERN = NO;
				GCC_WARN_64_TO_32_BIT_CONVERSION = YES;
				GCC_WARN_ABOUT_RETURN_TYPE = YES_ERROR;
				GCC_WARN_UNDECLARED_SELECTOR = YES;
				GCC_WARN_UNINITIALIZED_AUTOS = YES_AGGRESSIVE;
				GCC_WARN_UNUSED_FUNCTION = YES;
				GCC_WARN_UNUSED_VARIABLE = YES;
				IPHONEOS_DEPLOYMENT_TARGET = 8.4;
				MTL_ENABLE_DEBUG_INFO = YES;
				ONLY_ACTIVE_ARCH = YES;
				SDKROOT = iphoneos;
			};
			name = Debug;
		};
		63322B0F1C02B60300340F75 /* Release */ = {
			isa = XCBuildConfiguration;
			buildSettings = {
				ALWAYS_SEARCH_USER_PATHS = NO;
				CLANG_CXX_LANGUAGE_STANDARD = "gnu++0x";
				CLANG_CXX_LIBRARY = "libc++";
				CLANG_ENABLE_MODULES = YES;
				CLANG_ENABLE_OBJC_ARC = YES;
				CLANG_WARN_BOOL_CONVERSION = YES;
				CLANG_WARN_CONSTANT_CONVERSION = YES;
				CLANG_WARN_DIRECT_OBJC_ISA_USAGE = YES_ERROR;
				CLANG_WARN_EMPTY_BODY = YES;
				CLANG_WARN_ENUM_CONVERSION = YES;
				CLANG_WARN_INT_CONVERSION = YES;
				CLANG_WARN_OBJC_ROOT_CLASS = YES_ERROR;
				CLANG_WARN_UNREACHABLE_CODE = YES;
				CLANG_WARN__DUPLICATE_METHOD_MATCH = YES;
				"CODE_SIGN_IDENTITY[sdk=iphoneos*]" = "iPhone Developer";
				COPY_PHASE_STRIP = NO;
				DEBUG_INFORMATION_FORMAT = "dwarf-with-dsym";
				ENABLE_NS_ASSERTIONS = NO;
				ENABLE_STRICT_OBJC_MSGSEND = YES;
				GCC_C_LANGUAGE_STANDARD = gnu99;
				GCC_NO_COMMON_BLOCKS = YES;
				GCC_WARN_64_TO_32_BIT_CONVERSION = YES;
				GCC_WARN_ABOUT_RETURN_TYPE = YES_ERROR;
				GCC_WARN_UNDECLARED_SELECTOR = YES;
				GCC_WARN_UNINITIALIZED_AUTOS = YES_AGGRESSIVE;
				GCC_WARN_UNUSED_FUNCTION = YES;
				GCC_WARN_UNUSED_VARIABLE = YES;
				IPHONEOS_DEPLOYMENT_TARGET = 8.4;
				MTL_ENABLE_DEBUG_INFO = NO;
				SDKROOT = iphoneos;
				VALIDATE_PRODUCT = YES;
			};
			name = Release;
		};
		63322B111C02B60300340F75 /* Debug */ = {
			isa = XCBuildConfiguration;
			baseConfigurationReference = 0959479427B6F92E2F2BAB7D /* Pods-SingleProgrammersS.debug.xcconfig */;
			buildSettings = {
				ASSETCATALOG_COMPILER_APPICON_NAME = AppIcon;
				CODE_SIGN_IDENTITY = "iPhone Developer: LC LC (ZN9C7APJ9Z)";
				INFOPLIST_FILE = SingleProgrammersS/Info.plist;
				IPHONEOS_DEPLOYMENT_TARGET = 7.0;
				LD_RUNPATH_SEARCH_PATHS = "$(inherited) @executable_path/Frameworks";
				PRODUCT_BUNDLE_IDENTIFIER = com.predecessor.www;
				PRODUCT_NAME = "$(TARGET_NAME)";
				PROVISIONING_PROFILE = "c5ea71e4-3499-49ec-b9ac-ea2d9ad1e191";
			};
			name = Debug;
		};
		63322B121C02B60300340F75 /* Release */ = {
			isa = XCBuildConfiguration;
			baseConfigurationReference = 7403C7D29FEE41B6E49C9F6D /* Pods-SingleProgrammersS.release.xcconfig */;
			buildSettings = {
				ASSETCATALOG_COMPILER_APPICON_NAME = AppIcon;
				CODE_SIGN_IDENTITY = "iPhone Developer: LC LC (ZN9C7APJ9Z)";
				INFOPLIST_FILE = SingleProgrammersS/Info.plist;
				IPHONEOS_DEPLOYMENT_TARGET = 7.0;
				LD_RUNPATH_SEARCH_PATHS = "$(inherited) @executable_path/Frameworks";
				PRODUCT_BUNDLE_IDENTIFIER = com.predecessor.www;
				PRODUCT_NAME = "$(TARGET_NAME)";
				PROVISIONING_PROFILE = "c5ea71e4-3499-49ec-b9ac-ea2d9ad1e191";
			};
			name = Release;
		};
		63322B141C02B60300340F75 /* Debug */ = {
			isa = XCBuildConfiguration;
			buildSettings = {
				BUNDLE_LOADER = "$(TEST_HOST)";
				FRAMEWORK_SEARCH_PATHS = (
					"$(SDKROOT)/Developer/Library/Frameworks",
					"$(inherited)",
				);
				GCC_PREPROCESSOR_DEFINITIONS = (
					"DEBUG=1",
					"$(inherited)",
				);
				INFOPLIST_FILE = SingleProgrammersSTests/Info.plist;
				LD_RUNPATH_SEARCH_PATHS = "$(inherited) @executable_path/Frameworks @loader_path/Frameworks";
				PRODUCT_NAME = "$(TARGET_NAME)";
				TEST_HOST = "$(BUILT_PRODUCTS_DIR)/SingleProgrammersS.app/SingleProgrammersS";
			};
			name = Debug;
		};
		63322B151C02B60300340F75 /* Release */ = {
			isa = XCBuildConfiguration;
			buildSettings = {
				BUNDLE_LOADER = "$(TEST_HOST)";
				FRAMEWORK_SEARCH_PATHS = (
					"$(SDKROOT)/Developer/Library/Frameworks",
					"$(inherited)",
				);
				INFOPLIST_FILE = SingleProgrammersSTests/Info.plist;
				LD_RUNPATH_SEARCH_PATHS = "$(inherited) @executable_path/Frameworks @loader_path/Frameworks";
				PRODUCT_NAME = "$(TARGET_NAME)";
				TEST_HOST = "$(BUILT_PRODUCTS_DIR)/SingleProgrammersS.app/SingleProgrammersS";
			};
			name = Release;
		};
/* End XCBuildConfiguration section */

/* Begin XCConfigurationList section */
		63322AE81C02B60300340F75 /* Build configuration list for PBXProject "SingleProgrammersS" */ = {
			isa = XCConfigurationList;
			buildConfigurations = (
				63322B0E1C02B60300340F75 /* Debug */,
				63322B0F1C02B60300340F75 /* Release */,
			);
			defaultConfigurationIsVisible = 0;
			defaultConfigurationName = Release;
		};
		63322B101C02B60300340F75 /* Build configuration list for PBXNativeTarget "SingleProgrammersS" */ = {
			isa = XCConfigurationList;
			buildConfigurations = (
				63322B111C02B60300340F75 /* Debug */,
				63322B121C02B60300340F75 /* Release */,
			);
			defaultConfigurationIsVisible = 0;
			defaultConfigurationName = Release;
		};
		63322B131C02B60300340F75 /* Build configuration list for PBXNativeTarget "SingleProgrammersSTests" */ = {
			isa = XCConfigurationList;
			buildConfigurations = (
				63322B141C02B60300340F75 /* Debug */,
				63322B151C02B60300340F75 /* Release */,
			);
			defaultConfigurationIsVisible = 0;
			defaultConfigurationName = Release;
		};
/* End XCConfigurationList section */
	};
	rootObject = 63322AE51C02B60300340F75 /* Project object */;
}
