// !$*UTF8*$!
{
	archiveVersion = 1;
	classes = {
	};
	objectVersion = 46;
	objects = {

/* Begin PBXBuildFile section */
		6300557D1C06A6A40058D658 /* ProVideoModel.m in Sources */ = {isa = PBXBuildFile; fileRef = 6300557C1C06A6A40058D658 /* ProVideoModel.m */; };
		630055801C06A6EC0058D658 /* ProActors.m in Sources */ = {isa = PBXBuildFile; fileRef = 6300557F1C06A6EC0058D658 /* ProActors.m */; };
		630055831C06A7090058D658 /* ProFilmDetailModel.m in Sources */ = {isa = PBXBuildFile; fileRef = 630055821C06A7090058D658 /* ProFilmDetailModel.m */; };
		6303D4741C08372000182298 /* UIImage+Pro_Image.m in Sources */ = {isa = PBXBuildFile; fileRef = 6303D4731C08372000182298 /* UIImage+Pro_Image.m */; };
		63298F741C03202B008AB241 /* 11_1.jpg in Resources */ = {isa = PBXBuildFile; fileRef = 63298F721C03202B008AB241 /* 11_1.jpg */; };
		63298F751C03202B008AB241 /* 11_2.jpg in Resources */ = {isa = PBXBuildFile; fileRef = 63298F731C03202B008AB241 /* 11_2.jpg */; };
		63322AF31C02B60300340F75 /* main.m in Sources */ = {isa = PBXBuildFile; fileRef = 63322AF21C02B60300340F75 /* main.m */; };
		63322AF61C02B60300340F75 /* AppDelegate.m in Sources */ = {isa = PBXBuildFile; fileRef = 63322AF51C02B60300340F75 /* AppDelegate.m */; };
		63322AFC1C02B60300340F75 /* Main.storyboard in Resources */ = {isa = PBXBuildFile; fileRef = 63322AFA1C02B60300340F75 /* Main.storyboard */; };
		63322AFE1C02B60300340F75 /* Images.xcassets in Resources */ = {isa = PBXBuildFile; fileRef = 63322AFD1C02B60300340F75 /* Images.xcassets */; };
		63322B011C02B60300340F75 /* LaunchScreen.xib in Resources */ = {isa = PBXBuildFile; fileRef = 63322AFF1C02B60300340F75 /* LaunchScreen.xib */; };
		63322B0D1C02B60300340F75 /* SingleProgrammersSTests.m in Sources */ = {isa = PBXBuildFile; fileRef = 63322B0C1C02B60300340F75 /* SingleProgrammersSTests.m */; };
		63322B191C02ECAC00340F75 /* ProCenterViewcontrolelr.m in Sources */ = {isa = PBXBuildFile; fileRef = 63322B181C02ECAC00340F75 /* ProCenterViewcontrolelr.m */; };
		63322B1D1C02EDC500340F75 /* UIView+FastFrame.m in Sources */ = {isa = PBXBuildFile; fileRef = 63322B1C1C02EDC500340F75 /* UIView+FastFrame.m */; };
		6333E2081C0562000019621A /* ProChatViewController.m in Sources */ = {isa = PBXBuildFile; fileRef = 6333E2071C0562000019621A /* ProChatViewController.m */; };
		6333E20B1C0562200019621A /* ProMainViewController.m in Sources */ = {isa = PBXBuildFile; fileRef = 6333E20A1C0562200019621A /* ProMainViewController.m */; };
		6333E20E1C0562320019621A /* ProOtherViewController.m in Sources */ = {isa = PBXBuildFile; fileRef = 6333E20D1C0562320019621A /* ProOtherViewController.m */; };
		6333E2111C0562420019621A /* ProSetViewController.m in Sources */ = {isa = PBXBuildFile; fileRef = 6333E2101C0562420019621A /* ProSetViewController.m */; };
		6333E21F1C0564C30019621A /* DJRefresh.bundle in Resources */ = {isa = PBXBuildFile; fileRef = 6333E2141C0564C30019621A /* DJRefresh.bundle */; };
		6333E2201C0564C30019621A /* DJRefresh.m in Sources */ = {isa = PBXBuildFile; fileRef = 6333E2161C0564C30019621A /* DJRefresh.m */; };
		6333E2211C0564C30019621A /* DJRefreshBottomView.m in Sources */ = {isa = PBXBuildFile; fileRef = 6333E2191C0564C30019621A /* DJRefreshBottomView.m */; };
		6333E2221C0564C30019621A /* DJRefreshTopView.m in Sources */ = {isa = PBXBuildFile; fileRef = 6333E21C1C0564C30019621A /* DJRefreshTopView.m */; };
		6333E2231C0564C30019621A /* DJRefreshView.m in Sources */ = {isa = PBXBuildFile; fileRef = 6333E21E1C0564C30019621A /* DJRefreshView.m */; };
		6333E2271C0564FC0019621A /* MBProgressHUD.m in Sources */ = {isa = PBXBuildFile; fileRef = 6333E2261C0564FC0019621A /* MBProgressHUD.m */; };
		6333E2421C0565080019621A /* JSONModel.m in Sources */ = {isa = PBXBuildFile; fileRef = 6333E22B1C0565080019621A /* JSONModel.m */; };
		6333E2431C0565080019621A /* JSONModelArray.m in Sources */ = {isa = PBXBuildFile; fileRef = 6333E22D1C0565080019621A /* JSONModelArray.m */; };
		6333E2441C0565080019621A /* JSONModelClassProperty.m in Sources */ = {isa = PBXBuildFile; fileRef = 6333E22F1C0565080019621A /* JSONModelClassProperty.m */; };
		6333E2451C0565080019621A /* JSONModelError.m in Sources */ = {isa = PBXBuildFile; fileRef = 6333E2311C0565080019621A /* JSONModelError.m */; };
		6333E2461C0565080019621A /* NSArray+JSONModel.m in Sources */ = {isa = PBXBuildFile; fileRef = 6333E2341C0565080019621A /* NSArray+JSONModel.m */; };
		6333E2471C0565080019621A /* JSONAPI.m in Sources */ = {isa = PBXBuildFile; fileRef = 6333E2381C0565080019621A /* JSONAPI.m */; };
		6333E2481C0565080019621A /* JSONHTTPClient.m in Sources */ = {isa = PBXBuildFile; fileRef = 6333E23A1C0565080019621A /* JSONHTTPClient.m */; };
		6333E2491C0565080019621A /* JSONModel+networking.m in Sources */ = {isa = PBXBuildFile; fileRef = 6333E23C1C0565080019621A /* JSONModel+networking.m */; };
		6333E24A1C0565080019621A /* JSONKeyMapper.m in Sources */ = {isa = PBXBuildFile; fileRef = 6333E23F1C0565080019621A /* JSONKeyMapper.m */; };
		6333E24B1C0565080019621A /* JSONValueTransformer.m in Sources */ = {isa = PBXBuildFile; fileRef = 6333E2411C0565080019621A /* JSONValueTransformer.m */; };
		6333E2501C05652F0019621A /* BaseViewController.m in Sources */ = {isa = PBXBuildFile; fileRef = 6333E24D1C05652F0019621A /* BaseViewController.m */; };
		6333E2511C05652F0019621A /* BaseNavigationViewController.m in Sources */ = {isa = PBXBuildFile; fileRef = 6333E24F1C05652F0019621A /* BaseNavigationViewController.m */; };
		6333E2551C0566CA0019621A /* UIColor+UIColor_category.m in Sources */ = {isa = PBXBuildFile; fileRef = 6333E2541C0566CA0019621A /* UIColor+UIColor_category.m */; };
		635D57761C06E45000EA2CBF /* UIHeaderView.m in Sources */ = {isa = PBXBuildFile; fileRef = 635D57751C06E45000EA2CBF /* UIHeaderView.m */; };
		635D57781C06E46A00EA2CBF /* UIHeaderView.xib in Resources */ = {isa = PBXBuildFile; fileRef = 635D57771C06E46A00EA2CBF /* UIHeaderView.xib */; };
		635D577B1C06FD2F00EA2CBF /* AVFoundation.framework in Frameworks */ = {isa = PBXBuildFile; fileRef = 635D57791C06FCFE00EA2CBF /* AVFoundation.framework */; };
		635D57801C0705B200EA2CBF /* ProActorsTableViewCell.m in Sources */ = {isa = PBXBuildFile; fileRef = 635D577E1C0705B200EA2CBF /* ProActorsTableViewCell.m */; };
		635D57811C0705B200EA2CBF /* ProActorsTableViewCell.xib in Resources */ = {isa = PBXBuildFile; fileRef = 635D577F1C0705B200EA2CBF /* ProActorsTableViewCell.xib */; };
		635D57851C0705DA00EA2CBF /* ProForeshowTableViewCell.m in Sources */ = {isa = PBXBuildFile; fileRef = 635D57831C0705DA00EA2CBF /* ProForeshowTableViewCell.m */; };
		635D57861C0705DA00EA2CBF /* ProForeshowTableViewCell.xib in Resources */ = {isa = PBXBuildFile; fileRef = 635D57841C0705DA00EA2CBF /* ProForeshowTableViewCell.xib */; };
		638DE3F41C0EA387007A854D /* ProThirdManager.m in Sources */ = {isa = PBXBuildFile; fileRef = 638DE3F31C0EA387007A854D /* ProThirdManager.m */; };
		638DE3F71C0ED096007A854D /* ProChater.m in Sources */ = {isa = PBXBuildFile; fileRef = 638DE3F61C0ED096007A854D /* ProChater.m */; };
		638DE3FA1C0ED266007A854D /* ProUserManager.m in Sources */ = {isa = PBXBuildFile; fileRef = 638DE3F91C0ED266007A854D /* ProUserManager.m */; };
		638DE4061C0ED7C8007A854D /* 10_1.jpg in Resources */ = {isa = PBXBuildFile; fileRef = 638DE3FD1C0ED7C8007A854D /* 10_1.jpg */; };
		638DE4071C0ED7C8007A854D /* 10_2.jpg in Resources */ = {isa = PBXBuildFile; fileRef = 638DE3FE1C0ED7C8007A854D /* 10_2.jpg */; };
		638DE4081C0ED7C8007A854D /* 10_3.jpg in Resources */ = {isa = PBXBuildFile; fileRef = 638DE3FF1C0ED7C8007A854D /* 10_3.jpg */; };
		638DE4091C0ED7C8007A854D /* liu.jpg in Resources */ = {isa = PBXBuildFile; fileRef = 638DE4001C0ED7C8007A854D /* liu.jpg */; };
		638DE40A1C0ED7C8007A854D /* ren.jpg in Resources */ = {isa = PBXBuildFile; fileRef = 638DE4011C0ED7C8007A854D /* ren.jpg */; };
		638DE40B1C0ED7C8007A854D /* talk1_bg.png in Resources */ = {isa = PBXBuildFile; fileRef = 638DE4021C0ED7C8007A854D /* talk1_bg.png */; };
		638DE40C1C0ED7C8007A854D /* talk1_bg@2x.png in Resources */ = {isa = PBXBuildFile; fileRef = 638DE4031C0ED7C8007A854D /* talk1_bg@2x.png */; };
		638DE40D1C0ED7C8007A854D /* talk2_bg.png in Resources */ = {isa = PBXBuildFile; fileRef = 638DE4041C0ED7C8007A854D /* talk2_bg.png */; };
		638DE40E1C0ED7C8007A854D /* talk2_bg@2x.png in Resources */ = {isa = PBXBuildFile; fileRef = 638DE4051C0ED7C8007A854D /* talk2_bg@2x.png */; };
		638DE4111C0ED812007A854D /* ChatCell.m in Sources */ = {isa = PBXBuildFile; fileRef = 638DE4101C0ED812007A854D /* ChatCell.m */; };
		638DE4151C0ED876007A854D /* ProChatDetailViewController.m in Sources */ = {isa = PBXBuildFile; fileRef = 638DE4131C0ED876007A854D /* ProChatDetailViewController.m */; };
		638DE4191C0ED900007A854D /* MessageModel.m in Sources */ = {isa = PBXBuildFile; fileRef = 638DE4181C0ED900007A854D /* MessageModel.m */; };
		638DE41C1C0EE382007A854D /* ProChatManager.m in Sources */ = {isa = PBXBuildFile; fileRef = 638DE41B1C0EE382007A854D /* ProChatManager.m */; };
		63DC15C11C2D4B9F00A0729D /* PREFlipView.m in Sources */ = {isa = PBXBuildFile; fileRef = 63DC15C01C2D4B9F00A0729D /* PREFlipView.m */; };
		63EBCE781C2D47BB00ECBB53 /* UserInfoModel.m in Sources */ = {isa = PBXBuildFile; fileRef = 63EBCE771C2D47BB00ECBB53 /* UserInfoModel.m */; };
		63EBCE7C1C2D495E00ECBB53 /* MYRequest.m in Sources */ = {isa = PBXBuildFile; fileRef = 63EBCE7B1C2D495E00ECBB53 /* MYRequest.m */; };
		63F7F32D1C05B808006CD036 /* DownLoadDataSource.m in Sources */ = {isa = PBXBuildFile; fileRef = 63F7F3271C05B808006CD036 /* DownLoadDataSource.m */; };
		63F7F32E1C05B808006CD036 /* FilmCell.m in Sources */ = {isa = PBXBuildFile; fileRef = 63F7F3291C05B808006CD036 /* FilmCell.m */; };
		63F7F32F1C05B808006CD036 /* FilmCell.xib in Resources */ = {isa = PBXBuildFile; fileRef = 63F7F32A1C05B808006CD036 /* FilmCell.xib */; };
		63F7F3301C05B808006CD036 /* FilmModel.m in Sources */ = {isa = PBXBuildFile; fileRef = 63F7F32C1C05B808006CD036 /* FilmModel.m */; };
		63F7F3331C05B823006CD036 /* ViewController.m in Sources */ = {isa = PBXBuildFile; fileRef = 63F7F3321C05B823006CD036 /* ViewController.m */; };
		63F7F33C1C05B867006CD036 /* FilmListModel.m in Sources */ = {isa = PBXBuildFile; fileRef = 63F7F3351C05B867006CD036 /* FilmListModel.m */; };
		63F7F33D1C05B867006CD036 /* ListCollectionViewCell.m in Sources */ = {isa = PBXBuildFile; fileRef = 63F7F3371C05B867006CD036 /* ListCollectionViewCell.m */; };
		63F7F33E1C05B867006CD036 /* ListCollectionViewCell.xib in Resources */ = {isa = PBXBuildFile; fileRef = 63F7F3381C05B867006CD036 /* ListCollectionViewCell.xib */; };
		63F7F33F1C05B867006CD036 /* ListTableViewCell.m in Sources */ = {isa = PBXBuildFile; fileRef = 63F7F33A1C05B867006CD036 /* ListTableViewCell.m */; };
		63F7F3401C05B867006CD036 /* ListTableViewCell.xib in Resources */ = {isa = PBXBuildFile; fileRef = 63F7F33B1C05B867006CD036 /* ListTableViewCell.xib */; };
		63F7F3431C05B871006CD036 /* FilmdetailViewController.m in Sources */ = {isa = PBXBuildFile; fileRef = 63F7F3421C05B871006CD036 /* FilmdetailViewController.m */; };
		63FEAD501C10054E001DDDEB /* ProRemotePushManager.m in Sources */ = {isa = PBXBuildFile; fileRef = 63FEAD4F1C10054E001DDDEB /* ProRemotePushManager.m */; };
		63FEAD541C100E9B001DDDEB /* ProLoginViewController.m in Sources */ = {isa = PBXBuildFile; fileRef = 63FEAD521C100E9B001DDDEB /* ProLoginViewController.m */; };
		63FEAD551C100E9B001DDDEB /* ProLoginViewController.xib in Resources */ = {isa = PBXBuildFile; fileRef = 63FEAD531C100E9B001DDDEB /* ProLoginViewController.xib */; };
		63FEAD581C1012BE001DDDEB /* ProWindowManager.m in Sources */ = {isa = PBXBuildFile; fileRef = 63FEAD571C1012BE001DDDEB /* ProWindowManager.m */; };
		C78921C9594ED07B95688FD2 /* libPods-SingleProgrammersS.a in Frameworks */ = {isa = PBXBuildFile; fileRef = BE06F03EE8F679A8C34340DD /* libPods-SingleProgrammersS.a */; };
/* End PBXBuildFile section */

/* Begin PBXContainerItemProxy section */
		63322B071C02B60300340F75 /* PBXContainerItemProxy */ = {
			isa = PBXContainerItemProxy;
			containerPortal = 63322AE51C02B60300340F75 /* Project object */;
			proxyType = 1;
			remoteGlobalIDString = 63322AEC1C02B60300340F75;
			remoteInfo = SingleProgrammersS;
		};
/* End PBXContainerItemProxy section */

/* Begin PBXFileReference section */
		0959479427B6F92E2F2BAB7D /* Pods-SingleProgrammersS.debug.xcconfig */ = {isa = PBXFileReference; includeInIndex = 1; lastKnownFileType = text.xcconfig; name = "Pods-SingleProgrammersS.debug.xcconfig"; path = "Pods/Target Support Files/Pods-SingleProgrammersS/Pods-SingleProgrammersS.debug.xcconfig"; sourceTree = "<group>"; };
		6300557B1C06A6A40058D658 /* ProVideoModel.h */ = {isa = PBXFileReference; fileEncoding = 4; lastKnownFileType = sourcecode.c.h; path = ProVideoModel.h; sourceTree = "<group>"; };
		6300557C1C06A6A40058D658 /* ProVideoModel.m */ = {isa = PBXFileReference; fileEncoding = 4; lastKnownFileType = sourcecode.c.objc; path = ProVideoModel.m; sourceTree = "<group>"; };
		6300557E1C06A6EC0058D658 /* ProActors.h */ = {isa = PBXFileReference; fileEncoding = 4; lastKnownFileType = sourcecode.c.h; path = ProActors.h; sourceTree = "<group>"; };
		6300557F1C06A6EC0058D658 /* ProActors.m */ = {isa = PBXFileReference; fileEncoding = 4; lastKnownFileType = sourcecode.c.objc; path = ProActors.m; sourceTree = "<group>"; };
		630055811C06A7090058D658 /* ProFilmDetailModel.h */ = {isa = PBXFileReference; fileEncoding = 4; lastKnownFileType = sourcecode.c.h; path = ProFilmDetailModel.h; sourceTree = "<group>"; };
		630055821C06A7090058D658 /* ProFilmDetailModel.m */ = {isa = PBXFileReference; fileEncoding = 4; lastKnownFileType = sourcecode.c.objc; path = ProFilmDetailModel.m; sourceTree = "<group>"; };
		6303D4721C08372000182298 /* UIImage+Pro_Image.h */ = {isa = PBXFileReference; fileEncoding = 4; lastKnownFileType = sourcecode.c.h; path = "UIImage+Pro_Image.h"; sourceTree = "<group>"; };
		6303D4731C08372000182298 /* UIImage+Pro_Image.m */ = {isa = PBXFileReference; fileEncoding = 4; lastKnownFileType = sourcecode.c.objc; path = "UIImage+Pro_Image.m"; sourceTree = "<group>"; };
		63298F721C03202B008AB241 /* 11_1.jpg */ = {isa = PBXFileReference; lastKnownFileType = image.jpeg; path = 11_1.jpg; sourceTree = "<group>"; };
		63298F731C03202B008AB241 /* 11_2.jpg */ = {isa = PBXFileReference; lastKnownFileType = image.jpeg; path = 11_2.jpg; sourceTree = "<group>"; };
		63322AED1C02B60300340F75 /* SingleProgrammersS.app */ = {isa = PBXFileReference; explicitFileType = wrapper.application; includeInIndex = 0; path = SingleProgrammersS.app; sourceTree = BUILT_PRODUCTS_DIR; };
		63322AF11C02B60300340F75 /* Info.plist */ = {isa = PBXFileReference; lastKnownFileType = text.plist.xml; path = Info.plist; sourceTree = "<group>"; };
		63322AF21C02B60300340F75 /* main.m */ = {isa = PBXFileReference; lastKnownFileType = sourcecode.c.objc; path = main.m; sourceTree = "<group>"; };
		63322AF41C02B60300340F75 /* AppDelegate.h */ = {isa = PBXFileReference; lastKnownFileType = sourcecode.c.h; path = AppDelegate.h; sourceTree = "<group>"; };
		63322AF51C02B60300340F75 /* AppDelegate.m */ = {isa = PBXFileReference; lastKnownFileType = sourcecode.c.objc; path = AppDelegate.m; sourceTree = "<group>"; };
		63322AFB1C02B60300340F75 /* Base */ = {isa = PBXFileReference; lastKnownFileType = file.storyboard; name = Base; path = Base.lproj/Main.storyboard; sourceTree = "<group>"; };
		63322AFD1C02B60300340F75 /* Images.xcassets */ = {isa = PBXFileReference; lastKnownFileType = folder.assetcatalog; path = Images.xcassets; sourceTree = "<group>"; };
		63322B001C02B60300340F75 /* Base */ = {isa = PBXFileReference; lastKnownFileType = file.xib; name = Base; path = Base.lproj/LaunchScreen.xib; sourceTree = "<group>"; };
		63322B061C02B60300340F75 /* SingleProgrammersSTests.xctest */ = {isa = PBXFileReference; explicitFileType = wrapper.cfbundle; includeInIndex = 0; path = SingleProgrammersSTests.xctest; sourceTree = BUILT_PRODUCTS_DIR; };
		63322B0B1C02B60300340F75 /* Info.plist */ = {isa = PBXFileReference; lastKnownFileType = text.plist.xml; path = Info.plist; sourceTree = "<group>"; };
		63322B0C1C02B60300340F75 /* SingleProgrammersSTests.m */ = {isa = PBXFileReference; lastKnownFileType = sourcecode.c.objc; path = SingleProgrammersSTests.m; sourceTree = "<group>"; };
		63322B171C02ECAC00340F75 /* ProCenterViewcontrolelr.h */ = {isa = PBXFileReference; fileEncoding = 4; lastKnownFileType = sourcecode.c.h; path = ProCenterViewcontrolelr.h; sourceTree = "<group>"; };
		63322B181C02ECAC00340F75 /* ProCenterViewcontrolelr.m */ = {isa = PBXFileReference; fileEncoding = 4; lastKnownFileType = sourcecode.c.objc; path = ProCenterViewcontrolelr.m; sourceTree = "<group>"; };
		63322B1A1C02ED5900340F75 /* CommonMacro.h */ = {isa = PBXFileReference; lastKnownFileType = sourcecode.c.h; path = CommonMacro.h; sourceTree = "<group>"; };
		63322B1B1C02EDC500340F75 /* UIView+FastFrame.h */ = {isa = PBXFileReference; fileEncoding = 4; lastKnownFileType = sourcecode.c.h; path = "UIView+FastFrame.h"; sourceTree = "<group>"; };
		63322B1C1C02EDC500340F75 /* UIView+FastFrame.m */ = {isa = PBXFileReference; fileEncoding = 4; lastKnownFileType = sourcecode.c.objc; path = "UIView+FastFrame.m"; sourceTree = "<group>"; };
		6333E2061C0562000019621A /* ProChatViewController.h */ = {isa = PBXFileReference; fileEncoding = 4; lastKnownFileType = sourcecode.c.h; path = ProChatViewController.h; sourceTree = "<group>"; };
		6333E2071C0562000019621A /* ProChatViewController.m */ = {isa = PBXFileReference; fileEncoding = 4; lastKnownFileType = sourcecode.c.objc; path = ProChatViewController.m; sourceTree = "<group>"; };
		6333E2091C0562200019621A /* ProMainViewController.h */ = {isa = PBXFileReference; fileEncoding = 4; lastKnownFileType = sourcecode.c.h; path = ProMainViewController.h; sourceTree = "<group>"; };
		6333E20A1C0562200019621A /* ProMainViewController.m */ = {isa = PBXFileReference; fileEncoding = 4; lastKnownFileType = sourcecode.c.objc; path = ProMainViewController.m; sourceTree = "<group>"; };
		6333E20C1C0562320019621A /* ProOtherViewController.h */ = {isa = PBXFileReference; fileEncoding = 4; lastKnownFileType = sourcecode.c.h; path = ProOtherViewController.h; sourceTree = "<group>"; };
		6333E20D1C0562320019621A /* ProOtherViewController.m */ = {isa = PBXFileReference; fileEncoding = 4; lastKnownFileType = sourcecode.c.objc; path = ProOtherViewController.m; sourceTree = "<group>"; };
		6333E20F1C0562420019621A /* ProSetViewController.h */ = {isa = PBXFileReference; fileEncoding = 4; lastKnownFileType = sourcecode.c.h; path = ProSetViewController.h; sourceTree = "<group>"; };
		6333E2101C0562420019621A /* ProSetViewController.m */ = {isa = PBXFileReference; fileEncoding = 4; lastKnownFileType = sourcecode.c.objc; path = ProSetViewController.m; sourceTree = "<group>"; };
		6333E2141C0564C30019621A /* DJRefresh.bundle */ = {isa = PBXFileReference; lastKnownFileType = "wrapper.plug-in"; path = DJRefresh.bundle; sourceTree = "<group>"; };
		6333E2151C0564C30019621A /* DJRefresh.h */ = {isa = PBXFileReference; fileEncoding = 4; lastKnownFileType = sourcecode.c.h; path = DJRefresh.h; sourceTree = "<group>"; };
		6333E2161C0564C30019621A /* DJRefresh.m */ = {isa = PBXFileReference; fileEncoding = 4; lastKnownFileType = sourcecode.c.objc; path = DJRefresh.m; sourceTree = "<group>"; };
		6333E2181C0564C30019621A /* DJRefreshBottomView.h */ = {isa = PBXFileReference; fileEncoding = 4; lastKnownFileType = sourcecode.c.h; path = DJRefreshBottomView.h; sourceTree = "<group>"; };
		6333E2191C0564C30019621A /* DJRefreshBottomView.m */ = {isa = PBXFileReference; fileEncoding = 4; lastKnownFileType = sourcecode.c.objc; path = DJRefreshBottomView.m; sourceTree = "<group>"; };
		6333E21A1C0564C30019621A /* DJRefreshMacro.h */ = {isa = PBXFileReference; fileEncoding = 4; lastKnownFileType = sourcecode.c.h; path = DJRefreshMacro.h; sourceTree = "<group>"; };
		6333E21B1C0564C30019621A /* DJRefreshTopView.h */ = {isa = PBXFileReference; fileEncoding = 4; lastKnownFileType = sourcecode.c.h; path = DJRefreshTopView.h; sourceTree = "<group>"; };
		6333E21C1C0564C30019621A /* DJRefreshTopView.m */ = {isa = PBXFileReference; fileEncoding = 4; lastKnownFileType = sourcecode.c.objc; path = DJRefreshTopView.m; sourceTree = "<group>"; };
		6333E21D1C0564C30019621A /* DJRefreshView.h */ = {isa = PBXFileReference; fileEncoding = 4; lastKnownFileType = sourcecode.c.h; path = DJRefreshView.h; sourceTree = "<group>"; };
		6333E21E1C0564C30019621A /* DJRefreshView.m */ = {isa = PBXFileReference; fileEncoding = 4; lastKnownFileType = sourcecode.c.objc; path = DJRefreshView.m; sourceTree = "<group>"; };
		6333E2251C0564FC0019621A /* MBProgressHUD.h */ = {isa = PBXFileReference; fileEncoding = 4; lastKnownFileType = sourcecode.c.h; path = MBProgressHUD.h; sourceTree = "<group>"; };
		6333E2261C0564FC0019621A /* MBProgressHUD.m */ = {isa = PBXFileReference; fileEncoding = 4; lastKnownFileType = sourcecode.c.objc; path = MBProgressHUD.m; sourceTree = "<group>"; };
		6333E22A1C0565080019621A /* JSONModel.h */ = {isa = PBXFileReference; fileEncoding = 4; lastKnownFileType = sourcecode.c.h; path = JSONModel.h; sourceTree = "<group>"; };
		6333E22B1C0565080019621A /* JSONModel.m */ = {isa = PBXFileReference; fileEncoding = 4; lastKnownFileType = sourcecode.c.objc; path = JSONModel.m; sourceTree = "<group>"; };
		6333E22C1C0565080019621A /* JSONModelArray.h */ = {isa = PBXFileReference; fileEncoding = 4; lastKnownFileType = sourcecode.c.h; path = JSONModelArray.h; sourceTree = "<group>"; };
		6333E22D1C0565080019621A /* JSONModelArray.m */ = {isa = PBXFileReference; fileEncoding = 4; lastKnownFileType = sourcecode.c.objc; path = JSONModelArray.m; sourceTree = "<group>"; };
		6333E22E1C0565080019621A /* JSONModelClassProperty.h */ = {isa = PBXFileReference; fileEncoding = 4; lastKnownFileType = sourcecode.c.h; path = JSONModelClassProperty.h; sourceTree = "<group>"; };
		6333E22F1C0565080019621A /* JSONModelClassProperty.m */ = {isa = PBXFileReference; fileEncoding = 4; lastKnownFileType = sourcecode.c.objc; path = JSONModelClassProperty.m; sourceTree = "<group>"; };
		6333E2301C0565080019621A /* JSONModelError.h */ = {isa = PBXFileReference; fileEncoding = 4; lastKnownFileType = sourcecode.c.h; path = JSONModelError.h; sourceTree = "<group>"; };
		6333E2311C0565080019621A /* JSONModelError.m */ = {isa = PBXFileReference; fileEncoding = 4; lastKnownFileType = sourcecode.c.objc; path = JSONModelError.m; sourceTree = "<group>"; };
		6333E2331C0565080019621A /* NSArray+JSONModel.h */ = {isa = PBXFileReference; fileEncoding = 4; lastKnownFileType = sourcecode.c.h; path = "NSArray+JSONModel.h"; sourceTree = "<group>"; };
		6333E2341C0565080019621A /* NSArray+JSONModel.m */ = {isa = PBXFileReference; fileEncoding = 4; lastKnownFileType = sourcecode.c.objc; path = "NSArray+JSONModel.m"; sourceTree = "<group>"; };
		6333E2351C0565080019621A /* JSONModelLib.h */ = {isa = PBXFileReference; fileEncoding = 4; lastKnownFileType = sourcecode.c.h; path = JSONModelLib.h; sourceTree = "<group>"; };
		6333E2371C0565080019621A /* JSONAPI.h */ = {isa = PBXFileReference; fileEncoding = 4; lastKnownFileType = sourcecode.c.h; path = JSONAPI.h; sourceTree = "<group>"; };
		6333E2381C0565080019621A /* JSONAPI.m */ = {isa = PBXFileReference; fileEncoding = 4; lastKnownFileType = sourcecode.c.objc; path = JSONAPI.m; sourceTree = "<group>"; };
		6333E2391C0565080019621A /* JSONHTTPClient.h */ = {isa = PBXFileReference; fileEncoding = 4; lastKnownFileType = sourcecode.c.h; path = JSONHTTPClient.h; sourceTree = "<group>"; };
		6333E23A1C0565080019621A /* JSONHTTPClient.m */ = {isa = PBXFileReference; fileEncoding = 4; lastKnownFileType = sourcecode.c.objc; path = JSONHTTPClient.m; sourceTree = "<group>"; };
		6333E23B1C0565080019621A /* JSONModel+networking.h */ = {isa = PBXFileReference; fileEncoding = 4; lastKnownFileType = sourcecode.c.h; path = "JSONModel+networking.h"; sourceTree = "<group>"; };
		6333E23C1C0565080019621A /* JSONModel+networking.m */ = {isa = PBXFileReference; fileEncoding = 4; lastKnownFileType = sourcecode.c.objc; path = "JSONModel+networking.m"; sourceTree = "<group>"; };
		6333E23E1C0565080019621A /* JSONKeyMapper.h */ = {isa = PBXFileReference; fileEncoding = 4; lastKnownFileType = sourcecode.c.h; path = JSONKeyMapper.h; sourceTree = "<group>"; };
		6333E23F1C0565080019621A /* JSONKeyMapper.m */ = {isa = PBXFileReference; fileEncoding = 4; lastKnownFileType = sourcecode.c.objc; path = JSONKeyMapper.m; sourceTree = "<group>"; };
		6333E2401C0565080019621A /* JSONValueTransformer.h */ = {isa = PBXFileReference; fileEncoding = 4; lastKnownFileType = sourcecode.c.h; path = JSONValueTransformer.h; sourceTree = "<group>"; };
		6333E2411C0565080019621A /* JSONValueTransformer.m */ = {isa = PBXFileReference; fileEncoding = 4; lastKnownFileType = sourcecode.c.objc; path = JSONValueTransformer.m; sourceTree = "<group>"; };
		6333E24C1C05652F0019621A /* BaseViewController.h */ = {isa = PBXFileReference; fileEncoding = 4; lastKnownFileType = sourcecode.c.h; path = BaseViewController.h; sourceTree = "<group>"; };
		6333E24D1C05652F0019621A /* BaseViewController.m */ = {isa = PBXFileReference; fileEncoding = 4; lastKnownFileType = sourcecode.c.objc; path = BaseViewController.m; sourceTree = "<group>"; };
		6333E24E1C05652F0019621A /* BaseNavigationViewController.h */ = {isa = PBXFileReference; fileEncoding = 4; lastKnownFileType = sourcecode.c.h; path = BaseNavigationViewController.h; sourceTree = "<group>"; };
		6333E24F1C05652F0019621A /* BaseNavigationViewController.m */ = {isa = PBXFileReference; fileEncoding = 4; lastKnownFileType = sourcecode.c.objc; path = BaseNavigationViewController.m; sourceTree = "<group>"; };
		6333E2531C0566CA0019621A /* UIColor+UIColor_category.h */ = {isa = PBXFileReference; fileEncoding = 4; lastKnownFileType = sourcecode.c.h; path = "UIColor+UIColor_category.h"; sourceTree = "<group>"; };
		6333E2541C0566CA0019621A /* UIColor+UIColor_category.m */ = {isa = PBXFileReference; fileEncoding = 4; lastKnownFileType = sourcecode.c.objc; path = "UIColor+UIColor_category.m"; sourceTree = "<group>"; };
		635D57741C06E45000EA2CBF /* UIHeaderView.h */ = {isa = PBXFileReference; fileEncoding = 4; lastKnownFileType = sourcecode.c.h; path = UIHeaderView.h; sourceTree = "<group>"; };
		635D57751C06E45000EA2CBF /* UIHeaderView.m */ = {isa = PBXFileReference; fileEncoding = 4; lastKnownFileType = sourcecode.c.objc; path = UIHeaderView.m; sourceTree = "<group>"; };
		635D57771C06E46A00EA2CBF /* UIHeaderView.xib */ = {isa = PBXFileReference; fileEncoding = 4; lastKnownFileType = file.xib; path = UIHeaderView.xib; sourceTree = "<group>"; };
		635D57791C06FCFE00EA2CBF /* AVFoundation.framework */ = {isa = PBXFileReference; lastKnownFileType = wrapper.framework; name = AVFoundation.framework; path = System/Library/Frameworks/AVFoundation.framework; sourceTree = SDKROOT; };
		635D577D1C0705B200EA2CBF /* ProActorsTableViewCell.h */ = {isa = PBXFileReference; fileEncoding = 4; lastKnownFileType = sourcecode.c.h; path = ProActorsTableViewCell.h; sourceTree = "<group>"; };
		635D577E1C0705B200EA2CBF /* ProActorsTableViewCell.m */ = {isa = PBXFileReference; fileEncoding = 4; lastKnownFileType = sourcecode.c.objc; path = ProActorsTableViewCell.m; sourceTree = "<group>"; };
		635D577F1C0705B200EA2CBF /* ProActorsTableViewCell.xib */ = {isa = PBXFileReference; fileEncoding = 4; lastKnownFileType = file.xib; path = ProActorsTableViewCell.xib; sourceTree = "<group>"; };
		635D57821C0705DA00EA2CBF /* ProForeshowTableViewCell.h */ = {isa = PBXFileReference; fileEncoding = 4; lastKnownFileType = sourcecode.c.h; path = ProForeshowTableViewCell.h; sourceTree = "<group>"; };
		635D57831C0705DA00EA2CBF /* ProForeshowTableViewCell.m */ = {isa = PBXFileReference; fileEncoding = 4; lastKnownFileType = sourcecode.c.objc; path = ProForeshowTableViewCell.m; sourceTree = "<group>"; };
		635D57841C0705DA00EA2CBF /* ProForeshowTableViewCell.xib */ = {isa = PBXFileReference; fileEncoding = 4; lastKnownFileType = file.xib; path = ProForeshowTableViewCell.xib; sourceTree = "<group>"; };
		638DE3F21C0EA387007A854D /* ProThirdManager.h */ = {isa = PBXFileReference; fileEncoding = 4; lastKnownFileType = sourcecode.c.h; path = ProThirdManager.h; sourceTree = "<group>"; };
		638DE3F31C0EA387007A854D /* ProThirdManager.m */ = {isa = PBXFileReference; fileEncoding = 4; lastKnownFileType = sourcecode.c.objc; path = ProThirdManager.m; sourceTree = "<group>"; };
		638DE3F51C0ED096007A854D /* ProChater.h */ = {isa = PBXFileReference; fileEncoding = 4; lastKnownFileType = sourcecode.c.h; path = ProChater.h; sourceTree = "<group>"; };
		638DE3F61C0ED096007A854D /* ProChater.m */ = {isa = PBXFileReference; fileEncoding = 4; lastKnownFileType = sourcecode.c.objc; path = ProChater.m; sourceTree = "<group>"; };
		638DE3F81C0ED266007A854D /* ProUserManager.h */ = {isa = PBXFileReference; fileEncoding = 4; lastKnownFileType = sourcecode.c.h; path = ProUserManager.h; sourceTree = "<group>"; };
		638DE3F91C0ED266007A854D /* ProUserManager.m */ = {isa = PBXFileReference; fileEncoding = 4; lastKnownFileType = sourcecode.c.objc; path = ProUserManager.m; sourceTree = "<group>"; };
		638DE3FC1C0ED35D007A854D /* ProManagerProtocol.h */ = {isa = PBXFileReference; fileEncoding = 4; lastKnownFileType = sourcecode.c.h; path = ProManagerProtocol.h; sourceTree = "<group>"; };
		638DE3FD1C0ED7C8007A854D /* 10_1.jpg */ = {isa = PBXFileReference; lastKnownFileType = image.jpeg; path = 10_1.jpg; sourceTree = "<group>"; };
		638DE3FE1C0ED7C8007A854D /* 10_2.jpg */ = {isa = PBXFileReference; lastKnownFileType = image.jpeg; path = 10_2.jpg; sourceTree = "<group>"; };
		638DE3FF1C0ED7C8007A854D /* 10_3.jpg */ = {isa = PBXFileReference; lastKnownFileType = image.jpeg; path = 10_3.jpg; sourceTree = "<group>"; };
		638DE4001C0ED7C8007A854D /* liu.jpg */ = {isa = PBXFileReference; lastKnownFileType = image.jpeg; path = liu.jpg; sourceTree = "<group>"; };
		638DE4011C0ED7C8007A854D /* ren.jpg */ = {isa = PBXFileReference; lastKnownFileType = image.jpeg; path = ren.jpg; sourceTree = "<group>"; };
		638DE4021C0ED7C8007A854D /* talk1_bg.png */ = {isa = PBXFileReference; lastKnownFileType = image.png; path = talk1_bg.png; sourceTree = "<group>"; };
		638DE4031C0ED7C8007A854D /* talk1_bg@2x.png */ = {isa = PBXFileReference; lastKnownFileType = image.png; path = "talk1_bg@2x.png"; sourceTree = "<group>"; };
		638DE4041C0ED7C8007A854D /* talk2_bg.png */ = {isa = PBXFileReference; lastKnownFileType = image.png; path = talk2_bg.png; sourceTree = "<group>"; };
		638DE4051C0ED7C8007A854D /* talk2_bg@2x.png */ = {isa = PBXFileReference; lastKnownFileType = image.png; path = "talk2_bg@2x.png"; sourceTree = "<group>"; };
		638DE40F1C0ED812007A854D /* ChatCell.h */ = {isa = PBXFileReference; fileEncoding = 4; lastKnownFileType = sourcecode.c.h; path = ChatCell.h; sourceTree = "<group>"; };
		638DE4101C0ED812007A854D /* ChatCell.m */ = {isa = PBXFileReference; fileEncoding = 4; lastKnownFileType = sourcecode.c.objc; path = ChatCell.m; sourceTree = "<group>"; };
		638DE4121C0ED876007A854D /* ProChatDetailViewController.h */ = {isa = PBXFileReference; fileEncoding = 4; lastKnownFileType = sourcecode.c.h; path = ProChatDetailViewController.h; sourceTree = "<group>"; };
		638DE4131C0ED876007A854D /* ProChatDetailViewController.m */ = {isa = PBXFileReference; fileEncoding = 4; lastKnownFileType = sourcecode.c.objc; path = ProChatDetailViewController.m; sourceTree = "<group>"; };
		638DE4171C0ED900007A854D /* MessageModel.h */ = {isa = PBXFileReference; fileEncoding = 4; lastKnownFileType = sourcecode.c.h; path = MessageModel.h; sourceTree = "<group>"; };
		638DE4181C0ED900007A854D /* MessageModel.m */ = {isa = PBXFileReference; fileEncoding = 4; lastKnownFileType = sourcecode.c.objc; path = MessageModel.m; sourceTree = "<group>"; };
		638DE41A1C0EE382007A854D /* ProChatManager.h */ = {isa = PBXFileReference; fileEncoding = 4; lastKnownFileType = sourcecode.c.h; path = ProChatManager.h; sourceTree = "<group>"; };
		638DE41B1C0EE382007A854D /* ProChatManager.m */ = {isa = PBXFileReference; fileEncoding = 4; lastKnownFileType = sourcecode.c.objc; path = ProChatManager.m; sourceTree = "<group>"; };
		63DC15BF1C2D4B9F00A0729D /* PREFlipView.h */ = {isa = PBXFileReference; fileEncoding = 4; lastKnownFileType = sourcecode.c.h; path = PREFlipView.h; sourceTree = "<group>"; };
		63DC15C01C2D4B9F00A0729D /* PREFlipView.m */ = {isa = PBXFileReference; fileEncoding = 4; lastKnownFileType = sourcecode.c.objc; path = PREFlipView.m; sourceTree = "<group>"; };
		63EBCE761C2D47BB00ECBB53 /* UserInfoModel.h */ = {isa = PBXFileReference; fileEncoding = 4; lastKnownFileType = sourcecode.c.h; path = UserInfoModel.h; sourceTree = "<group>"; };
		63EBCE771C2D47BB00ECBB53 /* UserInfoModel.m */ = {isa = PBXFileReference; fileEncoding = 4; lastKnownFileType = sourcecode.c.objc; path = UserInfoModel.m; sourceTree = "<group>"; };
		63EBCE7A1C2D495E00ECBB53 /* MYRequest.h */ = {isa = PBXFileReference; fileEncoding = 4; lastKnownFileType = sourcecode.c.h; path = MYRequest.h; sourceTree = "<group>"; };
		63EBCE7B1C2D495E00ECBB53 /* MYRequest.m */ = {isa = PBXFileReference; fileEncoding = 4; lastKnownFileType = sourcecode.c.objc; path = MYRequest.m; sourceTree = "<group>"; };
		63F7F3261C05B808006CD036 /* DownLoadDataSource.h */ = {isa = PBXFileReference; fileEncoding = 4; lastKnownFileType = sourcecode.c.h; path = DownLoadDataSource.h; sourceTree = "<group>"; };
		63F7F3271C05B808006CD036 /* DownLoadDataSource.m */ = {isa = PBXFileReference; fileEncoding = 4; lastKnownFileType = sourcecode.c.objc; path = DownLoadDataSource.m; sourceTree = "<group>"; };
		63F7F3281C05B808006CD036 /* FilmCell.h */ = {isa = PBXFileReference; fileEncoding = 4; lastKnownFileType = sourcecode.c.h; path = FilmCell.h; sourceTree = "<group>"; };
		63F7F3291C05B808006CD036 /* FilmCell.m */ = {isa = PBXFileReference; fileEncoding = 4; lastKnownFileType = sourcecode.c.objc; path = FilmCell.m; sourceTree = "<group>"; };
		63F7F32A1C05B808006CD036 /* FilmCell.xib */ = {isa = PBXFileReference; fileEncoding = 4; lastKnownFileType = file.xib; path = FilmCell.xib; sourceTree = "<group>"; };
		63F7F32B1C05B808006CD036 /* FilmModel.h */ = {isa = PBXFileReference; fileEncoding = 4; lastKnownFileType = sourcecode.c.h; path = FilmModel.h; sourceTree = "<group>"; };
		63F7F32C1C05B808006CD036 /* FilmModel.m */ = {isa = PBXFileReference; fileEncoding = 4; lastKnownFileType = sourcecode.c.objc; path = FilmModel.m; sourceTree = "<group>"; };
		63F7F3311C05B823006CD036 /* ViewController.h */ = {isa = PBXFileReference; fileEncoding = 4; lastKnownFileType = sourcecode.c.h; path = ViewController.h; sourceTree = "<group>"; };
		63F7F3321C05B823006CD036 /* ViewController.m */ = {isa = PBXFileReference; fileEncoding = 4; lastKnownFileType = sourcecode.c.objc; path = ViewController.m; sourceTree = "<group>"; };
		63F7F3341C05B867006CD036 /* FilmListModel.h */ = {isa = PBXFileReference; fileEncoding = 4; lastKnownFileType = sourcecode.c.h; path = FilmListModel.h; sourceTree = "<group>"; };
		63F7F3351C05B867006CD036 /* FilmListModel.m */ = {isa = PBXFileReference; fileEncoding = 4; lastKnownFileType = sourcecode.c.objc; path = FilmListModel.m; sourceTree = "<group>"; };
		63F7F3361C05B867006CD036 /* ListCollectionViewCell.h */ = {isa = PBXFileReference; fileEncoding = 4; lastKnownFileType = sourcecode.c.h; path = ListCollectionViewCell.h; sourceTree = "<group>"; };
		63F7F3371C05B867006CD036 /* ListCollectionViewCell.m */ = {isa = PBXFileReference; fileEncoding = 4; lastKnownFileType = sourcecode.c.objc; path = ListCollectionViewCell.m; sourceTree = "<group>"; };
		63F7F3381C05B867006CD036 /* ListCollectionViewCell.xib */ = {isa = PBXFileReference; fileEncoding = 4; lastKnownFileType = file.xib; path = ListCollectionViewCell.xib; sourceTree = "<group>"; };
		63F7F3391C05B867006CD036 /* ListTableViewCell.h */ = {isa = PBXFileReference; fileEncoding = 4; lastKnownFileType = sourcecode.c.h; path = ListTableViewCell.h; sourceTree = "<group>"; };
		63F7F33A1C05B867006CD036 /* ListTableViewCell.m */ = {isa = PBXFileReference; fileEncoding = 4; lastKnownFileType = sourcecode.c.objc; path = ListTableViewCell.m; sourceTree = "<group>"; };
		63F7F33B1C05B867006CD036 /* ListTableViewCell.xib */ = {isa = PBXFileReference; fileEncoding = 4; lastKnownFileType = file.xib; path = ListTableViewCell.xib; sourceTree = "<group>"; };
		63F7F3411C05B871006CD036 /* FilmdetailViewController.h */ = {isa = PBXFileReference; fileEncoding = 4; lastKnownFileType = sourcecode.c.h; path = FilmdetailViewController.h; sourceTree = "<group>"; };
		63F7F3421C05B871006CD036 /* FilmdetailViewController.m */ = {isa = PBXFileReference; fileEncoding = 4; lastKnownFileType = sourcecode.c.objc; path = FilmdetailViewController.m; sourceTree = "<group>"; };
		63FEAD4E1C10054E001DDDEB /* ProRemotePushManager.h */ = {isa = PBXFileReference; fileEncoding = 4; lastKnownFileType = sourcecode.c.h; path = ProRemotePushManager.h; sourceTree = "<group>"; };
		63FEAD4F1C10054E001DDDEB /* ProRemotePushManager.m */ = {isa = PBXFileReference; fileEncoding = 4; lastKnownFileType = sourcecode.c.objc; path = ProRemotePushManager.m; sourceTree = "<group>"; };
		63FEAD511C100E9B001DDDEB /* ProLoginViewController.h */ = {isa = PBXFileReference; fileEncoding = 4; lastKnownFileType = sourcecode.c.h; path = ProLoginViewController.h; sourceTree = "<group>"; };
		63FEAD521C100E9B001DDDEB /* ProLoginViewController.m */ = {isa = PBXFileReference; fileEncoding = 4; lastKnownFileType = sourcecode.c.objc; path = ProLoginViewController.m; sourceTree = "<group>"; };
		63FEAD531C100E9B001DDDEB /* ProLoginViewController.xib */ = {isa = PBXFileReference; fileEncoding = 4; lastKnownFileType = file.xib; path = ProLoginViewController.xib; sourceTree = "<group>"; };
		63FEAD561C1012BE001DDDEB /* ProWindowManager.h */ = {isa = PBXFileReference; fileEncoding = 4; lastKnownFileType = sourcecode.c.h; path = ProWindowManager.h; sourceTree = "<group>"; };
		63FEAD571C1012BE001DDDEB /* ProWindowManager.m */ = {isa = PBXFileReference; fileEncoding = 4; lastKnownFileType = sourcecode.c.objc; path = ProWindowManager.m; sourceTree = "<group>"; };
		7403C7D29FEE41B6E49C9F6D /* Pods-SingleProgrammersS.release.xcconfig */ = {isa = PBXFileReference; includeInIndex = 1; lastKnownFileType = text.xcconfig; name = "Pods-SingleProgrammersS.release.xcconfig"; path = "Pods/Target Support Files/Pods-SingleProgrammersS/Pods-SingleProgrammersS.release.xcconfig"; sourceTree = "<group>"; };
		BE06F03EE8F679A8C34340DD /* libPods-SingleProgrammersS.a */ = {isa = PBXFileReference; explicitFileType = archive.ar; includeInIndex = 0; path = "libPods-SingleProgrammersS.a"; sourceTree = BUILT_PRODUCTS_DIR; };
/* End PBXFileReference section */

/* Begin PBXFrameworksBuildPhase section */
		63322AEA1C02B60300340F75 /* Frameworks */ = {
			isa = PBXFrameworksBuildPhase;
			buildActionMask = 2147483647;
			files = (
				635D577B1C06FD2F00EA2CBF /* AVFoundation.framework in Frameworks */,
				C78921C9594ED07B95688FD2 /* libPods-SingleProgrammersS.a in Frameworks */,
			);
			runOnlyForDeploymentPostprocessing = 0;
		};
		63322B031C02B60300340F75 /* Frameworks */ = {
			isa = PBXFrameworksBuildPhase;
			buildActionMask = 2147483647;
			files = (
			);
			runOnlyForDeploymentPostprocessing = 0;
		};
/* End PBXFrameworksBuildPhase section */

/* Begin PBXGroup section */
		3155BB1ED17D72AE1023A1B0 /* Pods */ = {
			isa = PBXGroup;
			children = (
				0959479427B6F92E2F2BAB7D /* Pods-SingleProgrammersS.debug.xcconfig */,
				7403C7D29FEE41B6E49C9F6D /* Pods-SingleProgrammersS.release.xcconfig */,
			);
			name = Pods;
			sourceTree = "<group>";
		};
		63322AE41C02B60300340F75 = {
			isa = PBXGroup;
			children = (
				63298F721C03202B008AB241 /* 11_1.jpg */,
				63298F731C03202B008AB241 /* 11_2.jpg */,
				638DE3FD1C0ED7C8007A854D /* 10_1.jpg */,
				638DE3FE1C0ED7C8007A854D /* 10_2.jpg */,
				638DE3FF1C0ED7C8007A854D /* 10_3.jpg */,
				638DE4001C0ED7C8007A854D /* liu.jpg */,
				638DE4011C0ED7C8007A854D /* ren.jpg */,
				638DE4021C0ED7C8007A854D /* talk1_bg.png */,
				638DE4031C0ED7C8007A854D /* talk1_bg@2x.png */,
				638DE4041C0ED7C8007A854D /* talk2_bg.png */,
				638DE4051C0ED7C8007A854D /* talk2_bg@2x.png */,
				63322AEF1C02B60300340F75 /* SingleProgrammersS */,
				63322B091C02B60300340F75 /* SingleProgrammersSTests */,
				63322AEE1C02B60300340F75 /* Products */,
				3155BB1ED17D72AE1023A1B0 /* Pods */,
				AFA57F9CB4B085BF9A10091B /* Frameworks */,
			);
			sourceTree = "<group>";
		};
		63322AEE1C02B60300340F75 /* Products */ = {
			isa = PBXGroup;
			children = (
				63322AED1C02B60300340F75 /* SingleProgrammersS.app */,
				63322B061C02B60300340F75 /* SingleProgrammersSTests.xctest */,
			);
			name = Products;
			sourceTree = "<group>";
		};
		63322AEF1C02B60300340F75 /* SingleProgrammersS */ = {
			isa = PBXGroup;
			children = (
				63EBCE791C2D493000ECBB53 /* RequestDataSource */,
				638DE3FB1C0ED2D4007A854D /* Manager */,
				635D577C1C07057500EA2CBF /* cellView */,
				63F7F3251C05B7D1006CD036 /* Model */,
				6333E2521C0566370019621A /* Class+category */,
				6333E2121C05633C0019621A /* BaseClass */,
				6333E2051C0561E00019621A /* ViewControllers */,
				634A25641C055A0500D24745 /* Macro */,
				63322B1E1C02EDCE00340F75 /* Vender */,
				63322B161C02EC7500340F75 /* 封装的侧滑VC */,
				63322AF41C02B60300340F75 /* AppDelegate.h */,
				63322AF51C02B60300340F75 /* AppDelegate.m */,
				63322AFA1C02B60300340F75 /* Main.storyboard */,
				63322AFD1C02B60300340F75 /* Images.xcassets */,
				63322AFF1C02B60300340F75 /* LaunchScreen.xib */,
				63322AF01C02B60300340F75 /* Supporting Files */,
			);
			path = SingleProgrammersS;
			sourceTree = "<group>";
		};
		63322AF01C02B60300340F75 /* Supporting Files */ = {
			isa = PBXGroup;
			children = (
				63322AF11C02B60300340F75 /* Info.plist */,
				63322AF21C02B60300340F75 /* main.m */,
			);
			name = "Supporting Files";
			sourceTree = "<group>";
		};
		63322B091C02B60300340F75 /* SingleProgrammersSTests */ = {
			isa = PBXGroup;
			children = (
				63322B0C1C02B60300340F75 /* SingleProgrammersSTests.m */,
				63322B0A1C02B60300340F75 /* Supporting Files */,
			);
			path = SingleProgrammersSTests;
			sourceTree = "<group>";
		};
		63322B0A1C02B60300340F75 /* Supporting Files */ = {
			isa = PBXGroup;
			children = (
				63322B0B1C02B60300340F75 /* Info.plist */,
			);
			name = "Supporting Files";
			sourceTree = "<group>";
		};
		63322B161C02EC7500340F75 /* 封装的侧滑VC */ = {
			isa = PBXGroup;
			children = (
				63322B171C02ECAC00340F75 /* ProCenterViewcontrolelr.h */,
				63322B181C02ECAC00340F75 /* ProCenterViewcontrolelr.m */,
			);
			name = "封装的侧滑VC";
			sourceTree = "<group>";
		};
		63322B1E1C02EDCE00340F75 /* Vender */ = {
			isa = PBXGroup;
			children = (
				63DC15BF1C2D4B9F00A0729D /* PREFlipView.h */,
				63DC15C01C2D4B9F00A0729D /* PREFlipView.m */,
				6333E2281C0565080019621A /* JSONModel */,
				6333E2241C0564FC0019621A /* MBProgressHUD */,
				6333E2131C0564C30019621A /* DJRefresh */,
			);
			name = Vender;
			sourceTree = "<group>";
		};
		6333E2051C0561E00019621A /* ViewControllers */ = {
			isa = PBXGroup;
			children = (
				63FEAD5E1C104138001DDDEB /* 设置页 */,
				63FEAD5C1C10402C001DDDEB /* 登陆页 */,
				63FEAD591C103F1A001DDDEB /* 电影 */,
				63FEAD5A1C103F29001DDDEB /* 聊天页 */,
				63FEAD5B1C104014001DDDEB /* 添加好友页。。。 */,
				63FEAD5D1C10411B001DDDEB /* 主页 */,
			);
			name = ViewControllers;
			sourceTree = "<group>";
		};
		6333E2121C05633C0019621A /* BaseClass */ = {
			isa = PBXGroup;
			children = (
				6333E24C1C05652F0019621A /* BaseViewController.h */,
				6333E24D1C05652F0019621A /* BaseViewController.m */,
				6333E24E1C05652F0019621A /* BaseNavigationViewController.h */,
				6333E24F1C05652F0019621A /* BaseNavigationViewController.m */,
			);
			name = BaseClass;
			sourceTree = "<group>";
		};
		6333E2131C0564C30019621A /* DJRefresh */ = {
			isa = PBXGroup;
			children = (
				6333E2141C0564C30019621A /* DJRefresh.bundle */,
				6333E2151C0564C30019621A /* DJRefresh.h */,
				6333E2161C0564C30019621A /* DJRefresh.m */,
				6333E2171C0564C30019621A /* DJRefreshView */,
			);
			path = DJRefresh;
			sourceTree = "<group>";
		};
		6333E2171C0564C30019621A /* DJRefreshView */ = {
			isa = PBXGroup;
			children = (
				6333E2181C0564C30019621A /* DJRefreshBottomView.h */,
				6333E2191C0564C30019621A /* DJRefreshBottomView.m */,
				6333E21A1C0564C30019621A /* DJRefreshMacro.h */,
				6333E21B1C0564C30019621A /* DJRefreshTopView.h */,
				6333E21C1C0564C30019621A /* DJRefreshTopView.m */,
				6333E21D1C0564C30019621A /* DJRefreshView.h */,
				6333E21E1C0564C30019621A /* DJRefreshView.m */,
			);
			path = DJRefreshView;
			sourceTree = "<group>";
		};
		6333E2241C0564FC0019621A /* MBProgressHUD */ = {
			isa = PBXGroup;
			children = (
				6333E2251C0564FC0019621A /* MBProgressHUD.h */,
				6333E2261C0564FC0019621A /* MBProgressHUD.m */,
			);
			path = MBProgressHUD;
			sourceTree = "<group>";
		};
		6333E2281C0565080019621A /* JSONModel */ = {
			isa = PBXGroup;
			children = (
				6333E2291C0565080019621A /* JSONModel */,
				6333E2321C0565080019621A /* JSONModelCategories */,
				6333E2351C0565080019621A /* JSONModelLib.h */,
				6333E2361C0565080019621A /* JSONModelNetworking */,
				6333E23D1C0565080019621A /* JSONModelTransformations */,
			);
			path = JSONModel;
			sourceTree = "<group>";
		};
		6333E2291C0565080019621A /* JSONModel */ = {
			isa = PBXGroup;
			children = (
				6333E22A1C0565080019621A /* JSONModel.h */,
				6333E22B1C0565080019621A /* JSONModel.m */,
				6333E22C1C0565080019621A /* JSONModelArray.h */,
				6333E22D1C0565080019621A /* JSONModelArray.m */,
				6333E22E1C0565080019621A /* JSONModelClassProperty.h */,
				6333E22F1C0565080019621A /* JSONModelClassProperty.m */,
				6333E2301C0565080019621A /* JSONModelError.h */,
				6333E2311C0565080019621A /* JSONModelError.m */,
			);
			path = JSONModel;
			sourceTree = "<group>";
		};
		6333E2321C0565080019621A /* JSONModelCategories */ = {
			isa = PBXGroup;
			children = (
				6333E2331C0565080019621A /* NSArray+JSONModel.h */,
				6333E2341C0565080019621A /* NSArray+JSONModel.m */,
			);
			path = JSONModelCategories;
			sourceTree = "<group>";
		};
		6333E2361C0565080019621A /* JSONModelNetworking */ = {
			isa = PBXGroup;
			children = (
				6333E2371C0565080019621A /* JSONAPI.h */,
				6333E2381C0565080019621A /* JSONAPI.m */,
				6333E2391C0565080019621A /* JSONHTTPClient.h */,
				6333E23A1C0565080019621A /* JSONHTTPClient.m */,
				6333E23B1C0565080019621A /* JSONModel+networking.h */,
				6333E23C1C0565080019621A /* JSONModel+networking.m */,
			);
			path = JSONModelNetworking;
			sourceTree = "<group>";
		};
		6333E23D1C0565080019621A /* JSONModelTransformations */ = {
			isa = PBXGroup;
			children = (
				6333E23E1C0565080019621A /* JSONKeyMapper.h */,
				6333E23F1C0565080019621A /* JSONKeyMapper.m */,
				6333E2401C0565080019621A /* JSONValueTransformer.h */,
				6333E2411C0565080019621A /* JSONValueTransformer.m */,
			);
			path = JSONModelTransformations;
			sourceTree = "<group>";
		};
		6333E2521C0566370019621A /* Class+category */ = {
			isa = PBXGroup;
			children = (
				63322B1B1C02EDC500340F75 /* UIView+FastFrame.h */,
				63322B1C1C02EDC500340F75 /* UIView+FastFrame.m */,
				6333E2531C0566CA0019621A /* UIColor+UIColor_category.h */,
				6333E2541C0566CA0019621A /* UIColor+UIColor_category.m */,
				6303D4721C08372000182298 /* UIImage+Pro_Image.h */,
				6303D4731C08372000182298 /* UIImage+Pro_Image.m */,
			);
			name = "Class+category";
			sourceTree = "<group>";
		};
		634A25641C055A0500D24745 /* Macro */ = {
			isa = PBXGroup;
			children = (
				63322B1A1C02ED5900340F75 /* CommonMacro.h */,
			);
			name = Macro;
			sourceTree = "<group>";
		};
		635D577C1C07057500EA2CBF /* cellView */ = {
			isa = PBXGroup;
			children = (
				638DE40F1C0ED812007A854D /* ChatCell.h */,
				638DE4101C0ED812007A854D /* ChatCell.m */,
				635D57741C06E45000EA2CBF /* UIHeaderView.h */,
				635D57751C06E45000EA2CBF /* UIHeaderView.m */,
				635D57771C06E46A00EA2CBF /* UIHeaderView.xib */,
				63F7F3361C05B867006CD036 /* ListCollectionViewCell.h */,
				63F7F3371C05B867006CD036 /* ListCollectionViewCell.m */,
				63F7F3381C05B867006CD036 /* ListCollectionViewCell.xib */,
				63F7F3391C05B867006CD036 /* ListTableViewCell.h */,
				63F7F33A1C05B867006CD036 /* ListTableViewCell.m */,
				63F7F33B1C05B867006CD036 /* ListTableViewCell.xib */,
				63F7F3281C05B808006CD036 /* FilmCell.h */,
				63F7F3291C05B808006CD036 /* FilmCell.m */,
				63F7F32A1C05B808006CD036 /* FilmCell.xib */,
				635D577D1C0705B200EA2CBF /* ProActorsTableViewCell.h */,
				635D577E1C0705B200EA2CBF /* ProActorsTableViewCell.m */,
				635D577F1C0705B200EA2CBF /* ProActorsTableViewCell.xib */,
				635D57821C0705DA00EA2CBF /* ProForeshowTableViewCell.h */,
				635D57831C0705DA00EA2CBF /* ProForeshowTableViewCell.m */,
				635D57841C0705DA00EA2CBF /* ProForeshowTableViewCell.xib */,
			);
			name = cellView;
			sourceTree = "<group>";
		};
		638DE3FB1C0ED2D4007A854D /* Manager */ = {
			isa = PBXGroup;
			children = (
				63FEAD4E1C10054E001DDDEB /* ProRemotePushManager.h */,
				63FEAD4F1C10054E001DDDEB /* ProRemotePushManager.m */,
				638DE3F81C0ED266007A854D /* ProUserManager.h */,
				638DE3F91C0ED266007A854D /* ProUserManager.m */,
				638DE3F21C0EA387007A854D /* ProThirdManager.h */,
				638DE3F31C0EA387007A854D /* ProThirdManager.m */,
				638DE3FC1C0ED35D007A854D /* ProManagerProtocol.h */,
				638DE41A1C0EE382007A854D /* ProChatManager.h */,
				638DE41B1C0EE382007A854D /* ProChatManager.m */,
				63FEAD561C1012BE001DDDEB /* ProWindowManager.h */,
				63FEAD571C1012BE001DDDEB /* ProWindowManager.m */,
			);
			name = Manager;
			sourceTree = "<group>";
		};
		63EBCE791C2D493000ECBB53 /* RequestDataSource */ = {
			isa = PBXGroup;
			children = (
				63EBCE7A1C2D495E00ECBB53 /* MYRequest.h */,
				63EBCE7B1C2D495E00ECBB53 /* MYRequest.m */,
				63F7F3261C05B808006CD036 /* DownLoadDataSource.h */,
				63F7F3271C05B808006CD036 /* DownLoadDataSource.m */,
			);
			name = RequestDataSource;
			sourceTree = "<group>";
		};
		63F7F3251C05B7D1006CD036 /* Model */ = {
			isa = PBXGroup;
			children = (
				63EBCE761C2D47BB00ECBB53 /* UserInfoModel.h */,
				63EBCE771C2D47BB00ECBB53 /* UserInfoModel.m */,
				638DE4171C0ED900007A854D /* MessageModel.h */,
				638DE4181C0ED900007A854D /* MessageModel.m */,
				63F7F3341C05B867006CD036 /* FilmListModel.h */,
				63F7F3351C05B867006CD036 /* FilmListModel.m */,
				63F7F32B1C05B808006CD036 /* FilmModel.h */,
				63F7F32C1C05B808006CD036 /* FilmModel.m */,
				6300557B1C06A6A40058D658 /* ProVideoModel.h */,
				6300557C1C06A6A40058D658 /* ProVideoModel.m */,
				6300557E1C06A6EC0058D658 /* ProActors.h */,
				6300557F1C06A6EC0058D658 /* ProActors.m */,
				630055811C06A7090058D658 /* ProFilmDetailModel.h */,
				630055821C06A7090058D658 /* ProFilmDetailModel.m */,
				638DE3F51C0ED096007A854D /* ProChater.h */,
				638DE3F61C0ED096007A854D /* ProChater.m */,
			);
			name = Model;
			sourceTree = "<group>";
		};
		63FEAD591C103F1A001DDDEB /* 电影 */ = {
			isa = PBXGroup;
			children = (
				63F7F3411C05B871006CD036 /* FilmdetailViewController.h */,
				63F7F3421C05B871006CD036 /* FilmdetailViewController.m */,
				63F7F3311C05B823006CD036 /* ViewController.h */,
				63F7F3321C05B823006CD036 /* ViewController.m */,
			);
			name = "电影";
			sourceTree = "<group>";
		};
		63FEAD5A1C103F29001DDDEB /* 聊天页 */ = {
			isa = PBXGroup;
			children = (
				6333E2061C0562000019621A /* ProChatViewController.h */,
				6333E2071C0562000019621A /* ProChatViewController.m */,
				638DE4121C0ED876007A854D /* ProChatDetailViewController.h */,
				638DE4131C0ED876007A854D /* ProChatDetailViewController.m */,
			);
			name = "聊天页";
			sourceTree = "<group>";
		};
		63FEAD5B1C104014001DDDEB /* 添加好友页。。。 */ = {
			isa = PBXGroup;
			children = (
				6333E20C1C0562320019621A /* ProOtherViewController.h */,
				6333E20D1C0562320019621A /* ProOtherViewController.m */,
			);
			name = "添加好友页。。。";
			sourceTree = "<group>";
		};
		63FEAD5C1C10402C001DDDEB /* 登陆页 */ = {
			isa = PBXGroup;
			children = (
				63FEAD511C100E9B001DDDEB /* ProLoginViewController.h */,
				63FEAD521C100E9B001DDDEB /* ProLoginViewController.m */,
				63FEAD531C100E9B001DDDEB /* ProLoginViewController.xib */,
			);
			name = "登陆页";
			sourceTree = "<group>";
		};
		63FEAD5D1C10411B001DDDEB /* 主页 */ = {
			isa = PBXGroup;
			children = (
				6333E2091C0562200019621A /* ProMainViewController.h */,
				6333E20A1C0562200019621A /* ProMainViewController.m */,
			);
			name = "主页";
			sourceTree = "<group>";
		};
		63FEAD5E1C104138001DDDEB /* 设置页 */ = {
			isa = PBXGroup;
			children = (
				6333E20F1C0562420019621A /* ProSetViewController.h */,
				6333E2101C0562420019621A /* ProSetViewController.m */,
			);
			name = "设置页";
			sourceTree = "<group>";
		};
		AFA57F9CB4B085BF9A10091B /* Frameworks */ = {
			isa = PBXGroup;
			children = (
				635D57791C06FCFE00EA2CBF /* AVFoundation.framework */,
				BE06F03EE8F679A8C34340DD /* libPods-SingleProgrammersS.a */,
			);
			name = Frameworks;
			sourceTree = "<group>";
		};
/* End PBXGroup section */

/* Begin PBXNativeTarget section */
		63322AEC1C02B60300340F75 /* SingleProgrammersS */ = {
			isa = PBXNativeTarget;
			buildConfigurationList = 63322B101C02B60300340F75 /* Build configuration list for PBXNativeTarget "SingleProgrammersS" */;
			buildPhases = (
				0AA3F8FCC3B68EBDC1F58140 /* Check Pods Manifest.lock */,
				63322AE91C02B60300340F75 /* Sources */,
				63322AEA1C02B60300340F75 /* Frameworks */,
				63322AEB1C02B60300340F75 /* Resources */,
				3229B5ED20003CB35620C58D /* Copy Pods Resources */,
				346944D84907E825C9094C7C /* Embed Pods Frameworks */,
			);
			buildRules = (
			);
			dependencies = (
			);
			name = SingleProgrammersS;
			productName = SingleProgrammersS;
			productReference = 63322AED1C02B60300340F75 /* SingleProgrammersS.app */;
			productType = "com.apple.product-type.application";
		};
		63322B051C02B60300340F75 /* SingleProgrammersSTests */ = {
			isa = PBXNativeTarget;
			buildConfigurationList = 63322B131C02B60300340F75 /* Build configuration list for PBXNativeTarget "SingleProgrammersSTests" */;
			buildPhases = (
				63322B021C02B60300340F75 /* Sources */,
				63322B031C02B60300340F75 /* Frameworks */,
				63322B041C02B60300340F75 /* Resources */,
			);
			buildRules = (
			);
			dependencies = (
				63322B081C02B60300340F75 /* PBXTargetDependency */,
			);
			name = SingleProgrammersSTests;
			productName = SingleProgrammersSTests;
			productReference = 63322B061C02B60300340F75 /* SingleProgrammersSTests.xctest */;
			productType = "com.apple.product-type.bundle.unit-test";
		};
/* End PBXNativeTarget section */

/* Begin PBXProject section */
		63322AE51C02B60300340F75 /* Project object */ = {
			isa = PBXProject;
			attributes = {
				CLASSPREFIX = Pro;
				LastUpgradeCheck = 0710;
				ORGANIZATIONNAME = SingleProgrammers;
				TargetAttributes = {
					63322AEC1C02B60300340F75 = {
						CreatedOnToolsVersion = 6.4;
					};
					63322B051C02B60300340F75 = {
						CreatedOnToolsVersion = 6.4;
						TestTargetID = 63322AEC1C02B60300340F75;
					};
				};
			};
			buildConfigurationList = 63322AE81C02B60300340F75 /* Build configuration list for PBXProject "SingleProgrammersS" */;
			compatibilityVersion = "Xcode 3.2";
			developmentRegion = English;
			hasScannedForEncodings = 0;
			knownRegions = (
				en,
				Base,
			);
			mainGroup = 63322AE41C02B60300340F75;
			productRefGroup = 63322AEE1C02B60300340F75 /* Products */;
			projectDirPath = "";
			projectRoot = "";
			targets = (
				63322AEC1C02B60300340F75 /* SingleProgrammersS */,
				63322B051C02B60300340F75 /* SingleProgrammersSTests */,
			);
		};
/* End PBXProject section */

/* Begin PBXResourcesBuildPhase section */
		63322AEB1C02B60300340F75 /* Resources */ = {
			isa = PBXResourcesBuildPhase;
			buildActionMask = 2147483647;
			files = (
				63322AFC1C02B60300340F75 /* Main.storyboard in Resources */,
				638DE4061C0ED7C8007A854D /* 10_1.jpg in Resources */,
				638DE40B1C0ED7C8007A854D /* talk1_bg.png in Resources */,
				638DE4081C0ED7C8007A854D /* 10_3.jpg in Resources */,
				6333E21F1C0564C30019621A /* DJRefresh.bundle in Resources */,
				635D57861C0705DA00EA2CBF /* ProForeshowTableViewCell.xib in Resources */,
				635D57811C0705B200EA2CBF /* ProActorsTableViewCell.xib in Resources */,
				63298F741C03202B008AB241 /* 11_1.jpg in Resources */,
				63298F751C03202B008AB241 /* 11_2.jpg in Resources */,
				63F7F3401C05B867006CD036 /* ListTableViewCell.xib in Resources */,
				635D57781C06E46A00EA2CBF /* UIHeaderView.xib in Resources */,
				63322B011C02B60300340F75 /* LaunchScreen.xib in Resources */,
				638DE4091C0ED7C8007A854D /* liu.jpg in Resources */,
				638DE40D1C0ED7C8007A854D /* talk2_bg.png in Resources */,
				63322AFE1C02B60300340F75 /* Images.xcassets in Resources */,
				638DE40A1C0ED7C8007A854D /* ren.jpg in Resources */,
				63FEAD551C100E9B001DDDEB /* ProLoginViewController.xib in Resources */,
				63F7F33E1C05B867006CD036 /* ListCollectionViewCell.xib in Resources */,
				638DE40E1C0ED7C8007A854D /* talk2_bg@2x.png in Resources */,
				638DE40C1C0ED7C8007A854D /* talk1_bg@2x.png in Resources */,
				63F7F32F1C05B808006CD036 /* FilmCell.xib in Resources */,
				638DE4071C0ED7C8007A854D /* 10_2.jpg in Resources */,
			);
			runOnlyForDeploymentPostprocessing = 0;
		};
		63322B041C02B60300340F75 /* Resources */ = {
			isa = PBXResourcesBuildPhase;
			buildActionMask = 2147483647;
			files = (
			);
			runOnlyForDeploymentPostprocessing = 0;
		};
/* End PBXResourcesBuildPhase section */

/* Begin PBXShellScriptBuildPhase section */
		0AA3F8FCC3B68EBDC1F58140 /* Check Pods Manifest.lock */ = {
			isa = PBXShellScriptBuildPhase;
			buildActionMask = 2147483647;
			files = (
			);
			inputPaths = (
			);
			name = "Check Pods Manifest.lock";
			outputPaths = (
			);
			runOnlyForDeploymentPostprocessing = 0;
			shellPath = /bin/sh;
			shellScript = "diff \"${PODS_ROOT}/../Podfile.lock\" \"${PODS_ROOT}/Manifest.lock\" > /dev/null\nif [[ $? != 0 ]] ; then\n    cat << EOM\nerror: The sandbox is not in sync with the Podfile.lock. Run 'pod install' or update your CocoaPods installation.\nEOM\n    exit 1\nfi\n";
			showEnvVarsInLog = 0;
		};
		3229B5ED20003CB35620C58D /* Copy Pods Resources */ = {
			isa = PBXShellScriptBuildPhase;
			buildActionMask = 2147483647;
			files = (
			);
			inputPaths = (
			);
			name = "Copy Pods Resources";
			outputPaths = (
			);
			runOnlyForDeploymentPostprocessing = 0;
			shellPath = /bin/sh;
			shellScript = "\"${SRCROOT}/Pods/Target Support Files/Pods-SingleProgrammersS/Pods-SingleProgrammersS-resources.sh\"\n";
			showEnvVarsInLog = 0;
		};
		346944D84907E825C9094C7C /* Embed Pods Frameworks */ = {
			isa = PBXShellScriptBuildPhase;
			buildActionMask = 2147483647;
			files = (
			);
			inputPaths = (
			);
			name = "Embed Pods Frameworks";
			outputPaths = (
			);
			runOnlyForDeploymentPostprocessing = 0;
			shellPath = /bin/sh;
			shellScript = "\"${SRCROOT}/Pods/Target Support Files/Pods-SingleProgrammersS/Pods-SingleProgrammersS-frameworks.sh\"\n";
			showEnvVarsInLog = 0;
		};
/* End PBXShellScriptBuildPhase section */

/* Begin PBXSourcesBuildPhase section */
		63322AE91C02B60300340F75 /* Sources */ = {
			isa = PBXSourcesBuildPhase;
			buildActionMask = 2147483647;
			files = (
				6303D4741C08372000182298 /* UIImage+Pro_Image.m in Sources */,
				63EBCE7C1C2D495E00ECBB53 /* MYRequest.m in Sources */,
				6333E2481C0565080019621A /* JSONHTTPClient.m in Sources */,
				63DC15C11C2D4B9F00A0729D /* PREFlipView.m in Sources */,
				63EBCE781C2D47BB00ECBB53 /* UserInfoModel.m in Sources */,
				6333E2501C05652F0019621A /* BaseViewController.m in Sources */,
				638DE4111C0ED812007A854D /* ChatCell.m in Sources */,
				6333E2431C0565080019621A /* JSONModelArray.m in Sources */,
				63322B1D1C02EDC500340F75 /* UIView+FastFrame.m in Sources */,
				63322B191C02ECAC00340F75 /* ProCenterViewcontrolelr.m in Sources */,
				638DE41C1C0EE382007A854D /* ProChatManager.m in Sources */,
				63F7F32E1C05B808006CD036 /* FilmCell.m in Sources */,
				6333E24A1C0565080019621A /* JSONKeyMapper.m in Sources */,
				6333E20E1C0562320019621A /* ProOtherViewController.m in Sources */,
				6333E2551C0566CA0019621A /* UIColor+UIColor_category.m in Sources */,
				6300557D1C06A6A40058D658 /* ProVideoModel.m in Sources */,
				638DE3F41C0EA387007A854D /* ProThirdManager.m in Sources */,
				6333E2221C0564C30019621A /* DJRefreshTopView.m in Sources */,
				63322AF61C02B60300340F75 /* AppDelegate.m in Sources */,
				638DE3FA1C0ED266007A854D /* ProUserManager.m in Sources */,
				6333E2201C0564C30019621A /* DJRefresh.m in Sources */,
				63F7F33F1C05B867006CD036 /* ListTableViewCell.m in Sources */,
				63FEAD581C1012BE001DDDEB /* ProWindowManager.m in Sources */,
				63F7F3431C05B871006CD036 /* FilmdetailViewController.m in Sources */,
				6333E2231C0564C30019621A /* DJRefreshView.m in Sources */,
				63F7F32D1C05B808006CD036 /* DownLoadDataSource.m in Sources */,
				63FEAD541C100E9B001DDDEB /* ProLoginViewController.m in Sources */,
				6333E2421C0565080019621A /* JSONModel.m in Sources */,
				6333E2451C0565080019621A /* JSONModelError.m in Sources */,
				6333E2461C0565080019621A /* NSArray+JSONModel.m in Sources */,
				6333E2441C0565080019621A /* JSONModelClassProperty.m in Sources */,
				6333E2211C0564C30019621A /* DJRefreshBottomView.m in Sources */,
				6333E2081C0562000019621A /* ProChatViewController.m in Sources */,
				6333E2271C0564FC0019621A /* MBProgressHUD.m in Sources */,
				6333E24B1C0565080019621A /* JSONValueTransformer.m in Sources */,
				63F7F33D1C05B867006CD036 /* ListCollectionViewCell.m in Sources */,
				6333E2111C0562420019621A /* ProSetViewController.m in Sources */,
				638DE4151C0ED876007A854D /* ProChatDetailViewController.m in Sources */,
				630055801C06A6EC0058D658 /* ProActors.m in Sources */,
				638DE3F71C0ED096007A854D /* ProChater.m in Sources */,
				6333E2471C0565080019621A /* JSONAPI.m in Sources */,
				63F7F3331C05B823006CD036 /* ViewController.m in Sources */,
				630055831C06A7090058D658 /* ProFilmDetailModel.m in Sources */,
				6333E2511C05652F0019621A /* BaseNavigationViewController.m in Sources */,
				63F7F33C1C05B867006CD036 /* FilmListModel.m in Sources */,
				63FEAD501C10054E001DDDEB /* ProRemotePushManager.m in Sources */,
				63322AF31C02B60300340F75 /* main.m in Sources */,
				6333E2491C0565080019621A /* JSONModel+networking.m in Sources */,
				635D57801C0705B200EA2CBF /* ProActorsTableViewCell.m in Sources */,
				63F7F3301C05B808006CD036 /* FilmModel.m in Sources */,
				6333E20B1C0562200019621A /* ProMainViewController.m in Sources */,
				635D57851C0705DA00EA2CBF /* ProForeshowTableViewCell.m in Sources */,
				638DE4191C0ED900007A854D /* MessageModel.m in Sources */,
				635D57761C06E45000EA2CBF /* UIHeaderView.m in Sources */,
			);
			runOnlyForDeploymentPostprocessing = 0;
		};
		63322B021C02B60300340F75 /* Sources */ = {
			isa = PBXSourcesBuildPhase;
			buildActionMask = 2147483647;
			files = (
				63322B0D1C02B60300340F75 /* SingleProgrammersSTests.m in Sources */,
			);
			runOnlyForDeploymentPostprocessing = 0;
		};
/* End PBXSourcesBuildPhase section */

/* Begin PBXTargetDependency section */
		63322B081C02B60300340F75 /* PBXTargetDependency */ = {
			isa = PBXTargetDependency;
			target = 63322AEC1C02B60300340F75 /* SingleProgrammersS */;
			targetProxy = 63322B071C02B60300340F75 /* PBXContainerItemProxy */;
		};
/* End PBXTargetDependency section */

/* Begin PBXVariantGroup section */
		63322AFA1C02B60300340F75 /* Main.storyboard */ = {
			isa = PBXVariantGroup;
			children = (
				63322AFB1C02B60300340F75 /* Base */,
			);
			name = Main.storyboard;
			sourceTree = "<group>";
		};
		63322AFF1C02B60300340F75 /* LaunchScreen.xib */ = {
			isa = PBXVariantGroup;
			children = (
				63322B001C02B60300340F75 /* Base */,
			);
			name = LaunchScreen.xib;
			sourceTree = "<group>";
		};
/* End PBXVariantGroup section */

/* Begin XCBuildConfiguration section */
		63322B0E1C02B60300340F75 /* Debug */ = {
			isa = XCBuildConfiguration;
			buildSettings = {
				ALWAYS_SEARCH_USER_PATHS = NO;
				CLANG_CXX_LANGUAGE_STANDARD = "gnu++0x";
				CLANG_CXX_LIBRARY = "libc++";
				CLANG_ENABLE_MODULES = YES;
				CLANG_ENABLE_OBJC_ARC = YES;
				CLANG_WARN_BOOL_CONVERSION = YES;
				CLANG_WARN_CONSTANT_CONVERSION = YES;
				CLANG_WARN_DIRECT_OBJC_ISA_USAGE = YES_ERROR;
				CLANG_WARN_EMPTY_BODY = YES;
				CLANG_WARN_ENUM_CONVERSION = YES;
				CLANG_WARN_INT_CONVERSION = YES;
				CLANG_WARN_OBJC_ROOT_CLASS = YES_ERROR;
				CLANG_WARN_UNREACHABLE_CODE = YES;
				CLANG_WARN__DUPLICATE_METHOD_MATCH = YES;
				"CODE_SIGN_IDENTITY[sdk=iphoneos*]" = "iPhone Developer";
				COPY_PHASE_STRIP = NO;
				DEBUG_INFORMATION_FORMAT = "dwarf-with-dsym";
				ENABLE_STRICT_OBJC_MSGSEND = YES;
				ENABLE_TESTABILITY = YES;
				GCC_C_LANGUAGE_STANDARD = gnu99;
				GCC_DYNAMIC_NO_PIC = NO;
				GCC_NO_COMMON_BLOCKS = YES;
				GCC_OPTIMIZATION_LEVEL = 0;
				GCC_PREPROCESSOR_DEFINITIONS = (
					"DEBUG=1",
					"$(inherited)",
				);
				GCC_SYMBOLS_PRIVATE_EXTERN = NO;
				GCC_WARN_64_TO_32_BIT_CONVERSION = YES;
				GCC_WARN_ABOUT_RETURN_TYPE = YES_ERROR;
				GCC_WARN_UNDECLARED_SELECTOR = YES;
				GCC_WARN_UNINITIALIZED_AUTOS = YES_AGGRESSIVE;
				GCC_WARN_UNUSED_FUNCTION = YES;
				GCC_WARN_UNUSED_VARIABLE = YES;
				IPHONEOS_DEPLOYMENT_TARGET = 8.4;
				MTL_ENABLE_DEBUG_INFO = YES;
				ONLY_ACTIVE_ARCH = YES;
				SDKROOT = iphoneos;
			};
			name = Debug;
		};
		63322B0F1C02B60300340F75 /* Release */ = {
			isa = XCBuildConfiguration;
			buildSettings = {
				ALWAYS_SEARCH_USER_PATHS = NO;
				CLANG_CXX_LANGUAGE_STANDARD = "gnu++0x";
				CLANG_CXX_LIBRARY = "libc++";
				CLANG_ENABLE_MODULES = YES;
				CLANG_ENABLE_OBJC_ARC = YES;
				CLANG_WARN_BOOL_CONVERSION = YES;
				CLANG_WARN_CONSTANT_CONVERSION = YES;
				CLANG_WARN_DIRECT_OBJC_ISA_USAGE = YES_ERROR;
				CLANG_WARN_EMPTY_BODY = YES;
				CLANG_WARN_ENUM_CONVERSION = YES;
				CLANG_WARN_INT_CONVERSION = YES;
				CLANG_WARN_OBJC_ROOT_CLASS = YES_ERROR;
				CLANG_WARN_UNREACHABLE_CODE = YES;
				CLANG_WARN__DUPLICATE_METHOD_MATCH = YES;
				"CODE_SIGN_IDENTITY[sdk=iphoneos*]" = "iPhone Developer";
				COPY_PHASE_STRIP = NO;
				DEBUG_INFORMATION_FORMAT = "dwarf-with-dsym";
				ENABLE_NS_ASSERTIONS = NO;
				ENABLE_STRICT_OBJC_MSGSEND = YES;
				GCC_C_LANGUAGE_STANDARD = gnu99;
				GCC_NO_COMMON_BLOCKS = YES;
				GCC_WARN_64_TO_32_BIT_CONVERSION = YES;
				GCC_WARN_ABOUT_RETURN_TYPE = YES_ERROR;
				GCC_WARN_UNDECLARED_SELECTOR = YES;
				GCC_WARN_UNINITIALIZED_AUTOS = YES_AGGRESSIVE;
				GCC_WARN_UNUSED_FUNCTION = YES;
				GCC_WARN_UNUSED_VARIABLE = YES;
				IPHONEOS_DEPLOYMENT_TARGET = 8.4;
				MTL_ENABLE_DEBUG_INFO = NO;
				SDKROOT = iphoneos;
				VALIDATE_PRODUCT = YES;
			};
			name = Release;
		};
		63322B111C02B60300340F75 /* Debug */ = {
			isa = XCBuildConfiguration;
			baseConfigurationReference = 0959479427B6F92E2F2BAB7D /* Pods-SingleProgrammersS.debug.xcconfig */;
			buildSettings = {
				ASSETCATALOG_COMPILER_APPICON_NAME = AppIcon;
				CODE_SIGN_IDENTITY = "iPhone Developer: XiangJing Liu (65VZZN9C3Y)";
				ENABLE_BITCODE = NO;
				INFOPLIST_FILE = SingleProgrammersS/Info.plist;
				IPHONEOS_DEPLOYMENT_TARGET = 7.0;
				LD_RUNPATH_SEARCH_PATHS = "$(inherited) @executable_path/Frameworks";
				PRODUCT_BUNDLE_IDENTIFIER = com.renqianbei.www;
				PRODUCT_NAME = "$(TARGET_NAME)";
				PROVISIONING_PROFILE = "70d31af3-2008-445d-99db-4757b10629e9";
			};
			name = Debug;
		};
		63322B121C02B60300340F75 /* Release */ = {
			isa = XCBuildConfiguration;
			baseConfigurationReference = 7403C7D29FEE41B6E49C9F6D /* Pods-SingleProgrammersS.release.xcconfig */;
			buildSettings = {
				ASSETCATALOG_COMPILER_APPICON_NAME = AppIcon;
				CODE_SIGN_IDENTITY = "iPhone Developer: XiangJing Liu (65VZZN9C3Y)";
				ENABLE_BITCODE = NO;
				INFOPLIST_FILE = SingleProgrammersS/Info.plist;
				IPHONEOS_DEPLOYMENT_TARGET = 7.0;
				LD_RUNPATH_SEARCH_PATHS = "$(inherited) @executable_path/Frameworks";
				PRODUCT_BUNDLE_IDENTIFIER = com.renqianbei.www;
				PRODUCT_NAME = "$(TARGET_NAME)";
				PROVISIONING_PROFILE = "70d31af3-2008-445d-99db-4757b10629e9";
			};
			name = Release;
		};
		63322B141C02B60300340F75 /* Debug */ = {
			isa = XCBuildConfiguration;
			buildSettings = {
				BUNDLE_LOADER = "$(TEST_HOST)";
				FRAMEWORK_SEARCH_PATHS = (
					"$(SDKROOT)/Developer/Library/Frameworks",
					"$(inherited)",
				);
				GCC_PREPROCESSOR_DEFINITIONS = (
					"DEBUG=1",
					"$(inherited)",
				);
				INFOPLIST_FILE = SingleProgrammersSTests/Info.plist;
				LD_RUNPATH_SEARCH_PATHS = "$(inherited) @executable_path/Frameworks @loader_path/Frameworks";
				PRODUCT_BUNDLE_IDENTIFIER = "com.SingleProgrammers.$(PRODUCT_NAME:rfc1034identifier)";
				PRODUCT_NAME = "$(TARGET_NAME)";
				TEST_HOST = "$(BUILT_PRODUCTS_DIR)/SingleProgrammersS.app/SingleProgrammersS";
			};
			name = Debug;
		};
		63322B151C02B60300340F75 /* Release */ = {
			isa = XCBuildConfiguration;
			buildSettings = {
				BUNDLE_LOADER = "$(TEST_HOST)";
				FRAMEWORK_SEARCH_PATHS = (
					"$(SDKROOT)/Developer/Library/Frameworks",
					"$(inherited)",
				);
				INFOPLIST_FILE = SingleProgrammersSTests/Info.plist;
				LD_RUNPATH_SEARCH_PATHS = "$(inherited) @executable_path/Frameworks @loader_path/Frameworks";
				PRODUCT_BUNDLE_IDENTIFIER = "com.SingleProgrammers.$(PRODUCT_NAME:rfc1034identifier)";
				PRODUCT_NAME = "$(TARGET_NAME)";
				TEST_HOST = "$(BUILT_PRODUCTS_DIR)/SingleProgrammersS.app/SingleProgrammersS";
			};
			name = Release;
		};
/* End XCBuildConfiguration section */

/* Begin XCConfigurationList section */
		63322AE81C02B60300340F75 /* Build configuration list for PBXProject "SingleProgrammersS" */ = {
			isa = XCConfigurationList;
			buildConfigurations = (
				63322B0E1C02B60300340F75 /* Debug */,
				63322B0F1C02B60300340F75 /* Release */,
			);
			defaultConfigurationIsVisible = 0;
			defaultConfigurationName = Release;
		};
		63322B101C02B60300340F75 /* Build configuration list for PBXNativeTarget "SingleProgrammersS" */ = {
			isa = XCConfigurationList;
			buildConfigurations = (
				63322B111C02B60300340F75 /* Debug */,
				63322B121C02B60300340F75 /* Release */,
			);
			defaultConfigurationIsVisible = 0;
			defaultConfigurationName = Release;
		};
		63322B131C02B60300340F75 /* Build configuration list for PBXNativeTarget "SingleProgrammersSTests" */ = {
			isa = XCConfigurationList;
			buildConfigurations = (
				63322B141C02B60300340F75 /* Debug */,
				63322B151C02B60300340F75 /* Release */,
			);
			defaultConfigurationIsVisible = 0;
			defaultConfigurationName = Release;
		};
/* End XCConfigurationList section */
	};
	rootObject = 63322AE51C02B60300340F75 /* Project object */;
}
